
Microsoft Visual Studio Solution File, Format Version 12.00
# Visual Studio 14
VisualStudioVersion = 14.0.24720.0
MinimumVisualStudioVersion = 10.0.40219.1
Project("{FAE04EC0-301F-11D3-BF4B-00C04F79EFBC}") = "XAgentService", "XAgentService\XAgentService.csproj", "{F80A2472-DA7C-486F-8742-DA35476CC25B}"
EndProject
Project("{FAE04EC0-301F-11D3-BF4B-00C04F79EFBC}") = "XPluginFramework", "XPluginFramework\XPluginFramework.csproj", "{870CFC63-6CAE-4E1C-B569-201FD8D35A45}"
EndProject
Project("{FAE04EC0-301F-11D3-BF4B-00C04F79EFBC}") = "XProviderCommon", "XProviderCommon\XProviderCommon.csproj", "{FDD4AAEE-F5B9-479F-95F5-ACEE250081B4}"
EndProject
Project("{FAE04EC0-301F-11D3-BF4B-00C04F79EFBC}") = "XProviderNmap", "XProviderNmap\XProviderNmap.csproj", "{53201624-9F4A-4292-8255-389111B4664D}"
EndProject
Project("{FAE04EC0-301F-11D3-BF4B-00C04F79EFBC}") = "XProviderQualys", "XProviderQualys\XProviderQualys.csproj", "{7A4FBAE1-1F3E-4655-ABEB-0BFDD5BD7928}"
EndProject
Project("{FAE04EC0-301F-11D3-BF4B-00C04F79EFBC}") = "XManagerService", "XManagerService\XManagerService.csproj", "{CEF499F2-55EE-47D3-9717-F8FE66F19438}"
EndProject
Project("{FAE04EC0-301F-11D3-BF4B-00C04F79EFBC}") = "XManagerHost", "XManagerHost\XManagerHost.csproj", "{66369132-77C0-4D9C-B2BF-8C542133F0C1}"
EndProject
Project("{FAE04EC0-301F-11D3-BF4B-00C04F79EFBC}") = "XProviderSaint", "XProviderSaint\XProviderSaint.csproj", "{B7ECCFC4-749B-49A0-9025-51A8C3C1246D}"
EndProject
Project("{2150E333-8FDC-42A3-9474-1A3956D46DE8}") = "ThirdParty", "ThirdParty", "{C380949F-FEBB-49E0-A104-A1B573E786EC}"
EndProject
Project("{FAE04EC0-301F-11D3-BF4B-00C04F79EFBC}") = "XAgentCommon", "XAgentCommon\XAgentCommon.csproj", "{936C00B4-40E1-4EEB-9338-9134FBC62BAD}"
EndProject
Project("{FAE04EC0-301F-11D3-BF4B-00C04F79EFBC}") = "XProviderVoipscanner", "XProviderVoipscanner\XProviderVoipscanner.csproj", "{37B5C615-6EBD-4F44-8AB3-DDB330F697E1}"
EndProject
Project("{FAE04EC0-301F-11D3-BF4B-00C04F79EFBC}") = "XCommon", "XCommon\XCommon.csproj", "{00DFF64F-D145-4E31-8CE1-36AE5EC830C4}"
EndProject
Project("{FAE04EC0-301F-11D3-BF4B-00C04F79EFBC}") = "XProviderNessus", "XProviderNessus\XProviderNessus.csproj", "{4365A032-BCA6-4DFA-9195-7AF86B6466D9}"
EndProject
Project("{FAE04EC0-301F-11D3-BF4B-00C04F79EFBC}") = "XProviderPingdom", "XProviderPingdom\XProviderPingdom.csproj", "{62D2AD3A-7827-48FA-9571-6FE3159CD653}"
EndProject
Project("{FAE04EC0-301F-11D3-BF4B-00C04F79EFBC}") = "XProviderNeXpose", "XProviderNeXpose\XProviderNeXpose.csproj", "{23C7C33A-CAAA-4DE5-B361-98B30E65F4DD}"
EndProject
Project("{FAE04EC0-301F-11D3-BF4B-00C04F79EFBC}") = "NCrontab", "ThirdParty\NCrontab\NCrontab.csproj", "{1948D266-8DCB-4AC5-98E6-A609713011CB}"
EndProject
Project("{FAE04EC0-301F-11D3-BF4B-00C04F79EFBC}") = "XProviderOpenVas", "XProviderOpenVas\XProviderOpenVas.csproj", "{E0B47914-4B5A-4D1C-8638-8F51CCCC57DD}"
EndProject
Project("{FAE04EC0-301F-11D3-BF4B-00C04F79EFBC}") = "XProviderCenzic", "XProviderCenzic\XProviderCenzic.csproj", "{65104474-0FB0-415F-A21B-788D41D950A4}"
EndProject
Project("{FAE04EC0-301F-11D3-BF4B-00C04F79EFBC}") = "XProviderIviz", "XProviderIviz\XProviderIviz.csproj", "{4338BBC5-D0C0-4160-8E45-170B40479FA5}"
EndProject
Project("{FAE04EC0-301F-11D3-BF4B-00C04F79EFBC}") = "Import_exploit-db", "Jerome\Import_exploit-db.csproj", "{24F0AEBD-16D7-422E-9531-4172C5073E89}"
EndProject
Project("{FAE04EC0-301F-11D3-BF4B-00C04F79EFBC}") = "XProviderUrlvoid", "XProviderUrlvoid\XProviderUrlvoid.csproj", "{B10F71C4-AA1E-4296-BED0-0B704F2669F7}"
EndProject
Project("{FAE04EC0-301F-11D3-BF4B-00C04F79EFBC}") = "XProviderNetsparker", "XProviderNetsparker\XProviderNetsparker.csproj", "{8BFB6086-EB17-452D-BF27-4B811695309A}"
EndProject
Project("{FAE04EC0-301F-11D3-BF4B-00C04F79EFBC}") = "Import_saint_exploits", "Import_saint_exploits\Import_saint_exploits.csproj", "{9302E45B-98F4-4C26-BA5C-B07A85328A3A}"
EndProject
Project("{FAE04EC0-301F-11D3-BF4B-00C04F79EFBC}") = "Import_metasploit", "Import_metasploit\Import_metasploit.csproj", "{7C15E61E-D7C6-48F7-B417-830DC89E1869}"
EndProject
Project("{FAE04EC0-301F-11D3-BF4B-00C04F79EFBC}") = "Import_all", "Import_all\Import_all.csproj", "{A6A060A9-0C38-45AF-807E-66496149E0F3}"
EndProject
Project("{FAE04EC0-301F-11D3-BF4B-00C04F79EFBC}") = "XProviderSqlmap", "XProviderSqlmap\XProviderSqlmap.csproj", "{AD54BC52-A60E-4650-8036-12DA35E7B51F}"
EndProject
Project("{FAE04EC0-301F-11D3-BF4B-00C04F79EFBC}") = "XProviderMetasploit", "XProviderMetasploit\XProviderMetasploit.csproj", "{5B955467-BA59-4CA0-92E0-D0F5A535BA9B}"
EndProject
Project("{FAE04EC0-301F-11D3-BF4B-00C04F79EFBC}") = "XPentester", "XPentester\XPentester.csproj", "{A4A67505-A5B6-44D1-AF92-42E11F275116}"
EndProject
Project("{FAE04EC0-301F-11D3-BF4B-00C04F79EFBC}") = "XProviderAcunetix", "XProviderAcunetix\XProviderAcunetix.csproj", "{F7E0F3BF-0732-4B17-8930-18A313CA76C6}"
EndProject
Project("{FAE04EC0-301F-11D3-BF4B-00C04F79EFBC}") = "XProviderWhatweb", "XProviderWhatweb\XProviderWhatweb.csproj", "{B85E0501-450D-41C4-921A-0ED2316CBE06}"
EndProject
Project("{FAE04EC0-301F-11D3-BF4B-00C04F79EFBC}") = "XProviderNikto", "XProviderNikto\XProviderNikto.csproj", "{219406DC-B6AF-4D5A-9C28-A7D86B4F90F0}"
EndProject
Project("{FAE04EC0-301F-11D3-BF4B-00C04F79EFBC}") = "XProviderInfo", "XProviderInfo\XProviderInfo.csproj", "{A5727EA6-24C2-44FB-9336-CCB0877C4F84}"
EndProject
Project("{FAE04EC0-301F-11D3-BF4B-00C04F79EFBC}") = "XProviderSandcat", "XProviderSandcat\XProviderSandcat.csproj", "{A6FBE7A5-5AE5-43EF-836D-67986B15A7F2}"
EndProject
Project("{FAE04EC0-301F-11D3-BF4B-00C04F79EFBC}") = "XProviderArachni", "XProviderArachni\XProviderArachni.csproj", "{BEEE93F4-9D5A-43DA-B8F0-A6D482E318F1}"
EndProject
Project("{FAE04EC0-301F-11D3-BF4B-00C04F79EFBC}") = "XProviderW3af", "XProviderW3af\XProviderW3af.csproj", "{A736E00C-AE12-4AC9-A2A3-9B06DB4A44FA}"
EndProject
Project("{FAE04EC0-301F-11D3-BF4B-00C04F79EFBC}") = "XProviderNessusScan", "XProviderNessusScan\XProviderNessusScan.csproj", "{AC12B508-2431-4D20-8DA3-3D78837F9659}"
EndProject
Project("{FAE04EC0-301F-11D3-BF4B-00C04F79EFBC}") = "XProviderCenzicImport", "XProviderCenzicImport\XProviderCenzicImport.csproj", "{1F07D3CA-34E6-4143-864A-0D2086D5E67F}"
EndProject
Project("{FAE04EC0-301F-11D3-BF4B-00C04F79EFBC}") = "XProviderQualysImport", "XProviderQualysImport\XProviderQualysImport.csproj", "{1940FF56-506F-4E6D-A33D-FEDEA705C88D}"
EndProject
Project("{FAE04EC0-301F-11D3-BF4B-00C04F79EFBC}") = "XProviderNeXposeImport", "XProviderNeXposeImport\XProviderNeXposeImport.csproj", "{9BFDFE8D-2226-4C3B-8DF1-141BC6FAAB22}"
EndProject
Project("{FAE04EC0-301F-11D3-BF4B-00C04F79EFBC}") = "Import_veris", "Import_veris\Import_veris.csproj", "{D954AD74-B519-4F13-BA02-56D4410A76CC}"
EndProject
Project("{FAE04EC0-301F-11D3-BF4B-00C04F79EFBC}") = "Import_stix", "Import_stix\Import_stix.csproj", "{0690E1CD-33FC-4DDF-9BE5-9BA4C6933DD8}"
EndProject
Project("{FAE04EC0-301F-11D3-BF4B-00C04F79EFBC}") = "Import_capec", "Import_capec\Import_capec.csproj", "{A6357B08-F6EF-4B51-8AA0-FCAA4C4FA7F8}"
EndProject
Project("{FAE04EC0-301F-11D3-BF4B-00C04F79EFBC}") = "Import_cce", "Import_cce\Import_cce.csproj", "{DA7F2F90-EBA6-4358-93CC-84720416F025}"
EndProject
Project("{FAE04EC0-301F-11D3-BF4B-00C04F79EFBC}") = "Import_oval", "Import_oval\Import_oval.csproj", "{5A6FE490-056E-4516-AF44-AB7B9918F16E}"
EndProject
Project("{FAE04EC0-301F-11D3-BF4B-00C04F79EFBC}") = "Import_cybox", "Import_cybox\Import_cybox.csproj", "{6E2564E1-7BD3-47D8-83B6-A5413A67959D}"
EndProject
Project("{FAE04EC0-301F-11D3-BF4B-00C04F79EFBC}") = "Import_maec", "Import_maec\Import_maec.csproj", "{4892E05F-52A2-41D3-B72F-19348E3425D6}"
EndProject
Project("{FAE04EC0-301F-11D3-BF4B-00C04F79EFBC}") = "XProviderSkipfishImport", "XProviderSkipfishImport\XProviderSkipfishImport.csproj", "{C76E7BEA-9999-439C-BD2E-6C79C2AFA34C}"
EndProject
Project("{FAE04EC0-301F-11D3-BF4B-00C04F79EFBC}") = "Import_NIST_SP_800-53", "Import_NIST_SP_800-53\Import_NIST_SP_800-53.csproj", "{498BBFAB-72AE-4AA0-BEEF-275B082DF403}"
EndProject
Project("{FAE04EC0-301F-11D3-BF4B-00C04F79EFBC}") = "STIX", "STIX\STIX.csproj", "{FC0E7B35-A53C-4F91-9127-B5622B98CB7E}"
EndProject
Project("{FAE04EC0-301F-11D3-BF4B-00C04F79EFBC}") = "Import_burp", "Import_burp\Import_burp.csproj", "{3817A41F-9442-4BDB-AB06-41D450CD606C}"
EndProject
Project("{FAE04EC0-301F-11D3-BF4B-00C04F79EFBC}") = "Import_osvdb", "Import_osvdb\Import_osvdb.csproj", "{F34B5FAC-1E1B-4862-9782-BC8AD71EDF4B}"
EndProject
Project("{FAE04EC0-301F-11D3-BF4B-00C04F79EFBC}") = "SearchBIDForCVE", "SearchBIDForCVE\SearchBIDForCVE.csproj", "{C98FE254-D636-45A2-9F37-11BAA1AA29E9}"
EndProject
Project("{FAE04EC0-301F-11D3-BF4B-00C04F79EFBC}") = "Import_scipvuldb", "Import_scipvuldb\Import_scipvuldb.csproj", "{836482D3-A2FF-4538-907B-FEA4A4FC8892}"
EndProject
Project("{FAE04EC0-301F-11D3-BF4B-00C04F79EFBC}") = "Tagger", "Tagger\Tagger.csproj", "{CF9680EA-EC9C-4A75-B8C1-5FA7E5CD6A5A}"
EndProject
Project("{FAE04EC0-301F-11D3-BF4B-00C04F79EFBC}") = "OVAL", "OVAL\OVAL.csproj", "{44F1FC4E-4633-4144-97D6-001A19381E7F}"
EndProject
Project("{FAE04EC0-301F-11D3-BF4B-00C04F79EFBC}") = "SearchCPEforOVALDefinition", "SearchCPEforOVALDefinition\SearchCPEforOVALDefinition.csproj", "{D2D95AE6-AD6D-4659-ABF4-BC6B2B291052}"
EndProject
Project("{FAE04EC0-301F-11D3-BF4B-00C04F79EFBC}") = "CVE2OVAL", "CVE2OVAL\CVE2OVAL.csproj", "{60DB2E23-470E-4465-A0F5-129B17B89960}"
EndProject
Project("{FAE04EC0-301F-11D3-BF4B-00C04F79EFBC}") = "CAPEC_ThreatModel", "CAPEC_ThreatModel\CAPEC_ThreatModel.csproj", "{BC9F585E-2B2E-493B-937E-650A36D07298}"
EndProject
Project("{FAE04EC0-301F-11D3-BF4B-00C04F79EFBC}") = "Microsoft_TMT", "Microsoft_TMT\Microsoft_TMT.csproj", "{AE3D8DE3-CD9D-4F68-8FB9-1767594B1545}"
EndProject
Project("{FAE04EC0-301F-11D3-BF4B-00C04F79EFBC}") = "RSA_Parser", "RSA_Parser\RSA_Parser.csproj", "{7E5E97EA-52E5-477A-A91B-A0C769E31372}"
EndProject
Project("{FAE04EC0-301F-11D3-BF4B-00C04F79EFBC}") = "XINCIDENTModel", "XINCIDENT\XINCIDENTModel.csproj", "{E5F2AA7E-08E6-4FF8-BC99-B1014B5CEC13}"
EndProject
Project("{FAE04EC0-301F-11D3-BF4B-00C04F79EFBC}") = "XATTACKModel", "XATTACK\XATTACKModel.csproj", "{AB3A688A-0D3D-46AF-885B-0A604427D9E6}"
EndProject
Project("{FAE04EC0-301F-11D3-BF4B-00C04F79EFBC}") = "XMALWAREModel", "XMALWARE\XMALWAREModel.csproj", "{604257E9-E018-4A16-B466-B0AFDA4FDB27}"
EndProject
Project("{FAE04EC0-301F-11D3-BF4B-00C04F79EFBC}") = "XOVALModel", "XOVAL\XOVALModel.csproj", "{0CB0E1C7-CE6B-47FA-BE7C-AFD844C6C1C6}"
EndProject
Project("{FAE04EC0-301F-11D3-BF4B-00C04F79EFBC}") = "XTHREATModel", "XTHREAT\XTHREATModel.csproj", "{0FD2F2DF-C41A-49C7-967E-1D12E7461E6D}"
EndProject
Project("{FAE04EC0-301F-11D3-BF4B-00C04F79EFBC}") = "XVULNERABILITYModel", "XVULNERABILITY\XVULNERABILITYModel.csproj", "{B4DEB364-BE3F-4DDA-9AEA-667F55F14A9B}"
EndProject
Project("{FAE04EC0-301F-11D3-BF4B-00C04F79EFBC}") = "XWINDOWSModel", "XWINDOWS\XWINDOWSModel.csproj", "{B95BE848-9F61-4E11-BC7E-CC36A2B7AA7F}"
EndProject
Project("{FAE04EC0-301F-11D3-BF4B-00C04F79EFBC}") = "XORCISMModel", "XORCISMModel\XORCISMModel.csproj", "{A1CD35C0-B452-44CF-8B0C-3EDAD275F76C}"
EndProject
Project("{FAE04EC0-301F-11D3-BF4B-00C04F79EFBC}") = "Import_CommonCriteria", "Import_CommonCriteria\Import_CommonCriteria.csproj", "{FC32233E-7937-4D3F-BC4F-C176133EE58F}"
EndProject
Project("{FAE04EC0-301F-11D3-BF4B-00C04F79EFBC}") = "Import_CyberSecurityFramework", "Import_CyberSecurityFramework\Import_CyberSecurityFramework.csproj", "{A9F878BB-763D-4ECF-A8D9-15C0C1450D1B}"
EndProject
Project("{FAE04EC0-301F-11D3-BF4B-00C04F79EFBC}") = "Export_stix", "Export_stix\Export_stix.csproj", "{A87E7526-B6C7-4146-A0E5-75E1583BDF3D}"
EndProject
Project("{FAE04EC0-301F-11D3-BF4B-00C04F79EFBC}") = "XUtils", "XUtils\XUtils.csproj", "{7ACD1B4C-2574-4F30-8A4C-F08D450F4249}"
EndProject
Project("{FAE04EC0-301F-11D3-BF4B-00C04F79EFBC}") = "Import_dependency-check", "Import_dependency-check\Import_dependency-check.csproj", "{F409A5F9-D10A-4E53-8C9A-4B3BBB51D521}"
EndProject
Global
	GlobalSection(SolutionConfigurationPlatforms) = preSolution
		Debug|Any CPU = Debug|Any CPU
		Debug|Mixed Platforms = Debug|Mixed Platforms
		Debug|x86 = Debug|x86
		Release|Any CPU = Release|Any CPU
		Release|Mixed Platforms = Release|Mixed Platforms
		Release|x86 = Release|x86
	EndGlobalSection
	GlobalSection(ProjectConfigurationPlatforms) = postSolution
		{F80A2472-DA7C-486F-8742-DA35476CC25B}.Debug|Any CPU.ActiveCfg = Debug|Any CPU
		{F80A2472-DA7C-486F-8742-DA35476CC25B}.Debug|Any CPU.Build.0 = Debug|Any CPU
		{F80A2472-DA7C-486F-8742-DA35476CC25B}.Debug|Mixed Platforms.ActiveCfg = Debug|Any CPU
		{F80A2472-DA7C-486F-8742-DA35476CC25B}.Debug|Mixed Platforms.Build.0 = Debug|Any CPU
		{F80A2472-DA7C-486F-8742-DA35476CC25B}.Debug|x86.ActiveCfg = Debug|Any CPU
		{F80A2472-DA7C-486F-8742-DA35476CC25B}.Release|Any CPU.ActiveCfg = Release|Any CPU
		{F80A2472-DA7C-486F-8742-DA35476CC25B}.Release|Any CPU.Build.0 = Release|Any CPU
		{F80A2472-DA7C-486F-8742-DA35476CC25B}.Release|Mixed Platforms.ActiveCfg = Release|Any CPU
		{F80A2472-DA7C-486F-8742-DA35476CC25B}.Release|Mixed Platforms.Build.0 = Release|Any CPU
		{F80A2472-DA7C-486F-8742-DA35476CC25B}.Release|x86.ActiveCfg = Release|Any CPU
		{870CFC63-6CAE-4E1C-B569-201FD8D35A45}.Debug|Any CPU.ActiveCfg = Debug|Any CPU
		{870CFC63-6CAE-4E1C-B569-201FD8D35A45}.Debug|Any CPU.Build.0 = Debug|Any CPU
		{870CFC63-6CAE-4E1C-B569-201FD8D35A45}.Debug|Mixed Platforms.ActiveCfg = Debug|Any CPU
		{870CFC63-6CAE-4E1C-B569-201FD8D35A45}.Debug|Mixed Platforms.Build.0 = Debug|Any CPU
		{870CFC63-6CAE-4E1C-B569-201FD8D35A45}.Debug|x86.ActiveCfg = Debug|Any CPU
		{870CFC63-6CAE-4E1C-B569-201FD8D35A45}.Release|Any CPU.ActiveCfg = Release|Any CPU
		{870CFC63-6CAE-4E1C-B569-201FD8D35A45}.Release|Any CPU.Build.0 = Release|Any CPU
		{870CFC63-6CAE-4E1C-B569-201FD8D35A45}.Release|Mixed Platforms.ActiveCfg = Release|Any CPU
		{870CFC63-6CAE-4E1C-B569-201FD8D35A45}.Release|Mixed Platforms.Build.0 = Release|Any CPU
		{870CFC63-6CAE-4E1C-B569-201FD8D35A45}.Release|x86.ActiveCfg = Release|Any CPU
		{FDD4AAEE-F5B9-479F-95F5-ACEE250081B4}.Debug|Any CPU.ActiveCfg = Debug|Any CPU
		{FDD4AAEE-F5B9-479F-95F5-ACEE250081B4}.Debug|Any CPU.Build.0 = Debug|Any CPU
		{FDD4AAEE-F5B9-479F-95F5-ACEE250081B4}.Debug|Mixed Platforms.ActiveCfg = Debug|Any CPU
		{FDD4AAEE-F5B9-479F-95F5-ACEE250081B4}.Debug|Mixed Platforms.Build.0 = Debug|Any CPU
		{FDD4AAEE-F5B9-479F-95F5-ACEE250081B4}.Debug|x86.ActiveCfg = Debug|Any CPU
		{FDD4AAEE-F5B9-479F-95F5-ACEE250081B4}.Release|Any CPU.ActiveCfg = Release|Any CPU
		{FDD4AAEE-F5B9-479F-95F5-ACEE250081B4}.Release|Any CPU.Build.0 = Release|Any CPU
		{FDD4AAEE-F5B9-479F-95F5-ACEE250081B4}.Release|Mixed Platforms.ActiveCfg = Release|Any CPU
		{FDD4AAEE-F5B9-479F-95F5-ACEE250081B4}.Release|Mixed Platforms.Build.0 = Release|Any CPU
		{FDD4AAEE-F5B9-479F-95F5-ACEE250081B4}.Release|x86.ActiveCfg = Release|Any CPU
		{53201624-9F4A-4292-8255-389111B4664D}.Debug|Any CPU.ActiveCfg = Debug|Any CPU
		{53201624-9F4A-4292-8255-389111B4664D}.Debug|Any CPU.Build.0 = Debug|Any CPU
		{53201624-9F4A-4292-8255-389111B4664D}.Debug|Mixed Platforms.ActiveCfg = Debug|Any CPU
		{53201624-9F4A-4292-8255-389111B4664D}.Debug|Mixed Platforms.Build.0 = Debug|Any CPU
		{53201624-9F4A-4292-8255-389111B4664D}.Debug|x86.ActiveCfg = Debug|Any CPU
		{53201624-9F4A-4292-8255-389111B4664D}.Release|Any CPU.ActiveCfg = Release|Any CPU
		{53201624-9F4A-4292-8255-389111B4664D}.Release|Any CPU.Build.0 = Release|Any CPU
		{53201624-9F4A-4292-8255-389111B4664D}.Release|Mixed Platforms.ActiveCfg = Release|Any CPU
		{53201624-9F4A-4292-8255-389111B4664D}.Release|Mixed Platforms.Build.0 = Release|Any CPU
		{53201624-9F4A-4292-8255-389111B4664D}.Release|x86.ActiveCfg = Release|Any CPU
		{7A4FBAE1-1F3E-4655-ABEB-0BFDD5BD7928}.Debug|Any CPU.ActiveCfg = Debug|Any CPU
		{7A4FBAE1-1F3E-4655-ABEB-0BFDD5BD7928}.Debug|Any CPU.Build.0 = Debug|Any CPU
		{7A4FBAE1-1F3E-4655-ABEB-0BFDD5BD7928}.Debug|Mixed Platforms.ActiveCfg = Debug|Any CPU
		{7A4FBAE1-1F3E-4655-ABEB-0BFDD5BD7928}.Debug|Mixed Platforms.Build.0 = Debug|Any CPU
		{7A4FBAE1-1F3E-4655-ABEB-0BFDD5BD7928}.Debug|x86.ActiveCfg = Debug|Any CPU
		{7A4FBAE1-1F3E-4655-ABEB-0BFDD5BD7928}.Release|Any CPU.ActiveCfg = Release|Any CPU
		{7A4FBAE1-1F3E-4655-ABEB-0BFDD5BD7928}.Release|Any CPU.Build.0 = Release|Any CPU
		{7A4FBAE1-1F3E-4655-ABEB-0BFDD5BD7928}.Release|Mixed Platforms.ActiveCfg = Release|Any CPU
		{7A4FBAE1-1F3E-4655-ABEB-0BFDD5BD7928}.Release|Mixed Platforms.Build.0 = Release|Any CPU
		{7A4FBAE1-1F3E-4655-ABEB-0BFDD5BD7928}.Release|x86.ActiveCfg = Release|Any CPU
		{CEF499F2-55EE-47D3-9717-F8FE66F19438}.Debug|Any CPU.ActiveCfg = Debug|Any CPU
		{CEF499F2-55EE-47D3-9717-F8FE66F19438}.Debug|Any CPU.Build.0 = Debug|Any CPU
		{CEF499F2-55EE-47D3-9717-F8FE66F19438}.Debug|Mixed Platforms.ActiveCfg = Debug|Any CPU
		{CEF499F2-55EE-47D3-9717-F8FE66F19438}.Debug|Mixed Platforms.Build.0 = Debug|Any CPU
		{CEF499F2-55EE-47D3-9717-F8FE66F19438}.Debug|x86.ActiveCfg = Debug|Any CPU
		{CEF499F2-55EE-47D3-9717-F8FE66F19438}.Release|Any CPU.ActiveCfg = Release|Any CPU
		{CEF499F2-55EE-47D3-9717-F8FE66F19438}.Release|Any CPU.Build.0 = Release|Any CPU
		{CEF499F2-55EE-47D3-9717-F8FE66F19438}.Release|Mixed Platforms.ActiveCfg = Release|Any CPU
		{CEF499F2-55EE-47D3-9717-F8FE66F19438}.Release|Mixed Platforms.Build.0 = Release|Any CPU
		{CEF499F2-55EE-47D3-9717-F8FE66F19438}.Release|x86.ActiveCfg = Release|Any CPU
		{66369132-77C0-4D9C-B2BF-8C542133F0C1}.Debug|Any CPU.ActiveCfg = Debug|x86
		{66369132-77C0-4D9C-B2BF-8C542133F0C1}.Debug|Mixed Platforms.ActiveCfg = Debug|x86
		{66369132-77C0-4D9C-B2BF-8C542133F0C1}.Debug|Mixed Platforms.Build.0 = Debug|x86
		{66369132-77C0-4D9C-B2BF-8C542133F0C1}.Debug|x86.ActiveCfg = Debug|x86
		{66369132-77C0-4D9C-B2BF-8C542133F0C1}.Debug|x86.Build.0 = Debug|x86
		{66369132-77C0-4D9C-B2BF-8C542133F0C1}.Release|Any CPU.ActiveCfg = Release|x86
		{66369132-77C0-4D9C-B2BF-8C542133F0C1}.Release|Mixed Platforms.ActiveCfg = Release|x86
		{66369132-77C0-4D9C-B2BF-8C542133F0C1}.Release|Mixed Platforms.Build.0 = Release|x86
		{66369132-77C0-4D9C-B2BF-8C542133F0C1}.Release|x86.ActiveCfg = Release|x86
		{66369132-77C0-4D9C-B2BF-8C542133F0C1}.Release|x86.Build.0 = Release|x86
		{B7ECCFC4-749B-49A0-9025-51A8C3C1246D}.Debug|Any CPU.ActiveCfg = Debug|Any CPU
		{B7ECCFC4-749B-49A0-9025-51A8C3C1246D}.Debug|Any CPU.Build.0 = Debug|Any CPU
		{B7ECCFC4-749B-49A0-9025-51A8C3C1246D}.Debug|Mixed Platforms.ActiveCfg = Debug|Any CPU
		{B7ECCFC4-749B-49A0-9025-51A8C3C1246D}.Debug|Mixed Platforms.Build.0 = Debug|Any CPU
		{B7ECCFC4-749B-49A0-9025-51A8C3C1246D}.Debug|x86.ActiveCfg = Debug|Any CPU
		{B7ECCFC4-749B-49A0-9025-51A8C3C1246D}.Release|Any CPU.ActiveCfg = Release|Any CPU
		{B7ECCFC4-749B-49A0-9025-51A8C3C1246D}.Release|Any CPU.Build.0 = Release|Any CPU
		{B7ECCFC4-749B-49A0-9025-51A8C3C1246D}.Release|Mixed Platforms.ActiveCfg = Release|Any CPU
		{B7ECCFC4-749B-49A0-9025-51A8C3C1246D}.Release|Mixed Platforms.Build.0 = Release|Any CPU
		{B7ECCFC4-749B-49A0-9025-51A8C3C1246D}.Release|x86.ActiveCfg = Release|Any CPU
		{936C00B4-40E1-4EEB-9338-9134FBC62BAD}.Debug|Any CPU.ActiveCfg = Debug|Any CPU
		{936C00B4-40E1-4EEB-9338-9134FBC62BAD}.Debug|Any CPU.Build.0 = Debug|Any CPU
		{936C00B4-40E1-4EEB-9338-9134FBC62BAD}.Debug|Mixed Platforms.ActiveCfg = Debug|Any CPU
		{936C00B4-40E1-4EEB-9338-9134FBC62BAD}.Debug|Mixed Platforms.Build.0 = Debug|Any CPU
		{936C00B4-40E1-4EEB-9338-9134FBC62BAD}.Debug|x86.ActiveCfg = Debug|Any CPU
		{936C00B4-40E1-4EEB-9338-9134FBC62BAD}.Release|Any CPU.ActiveCfg = Release|Any CPU
		{936C00B4-40E1-4EEB-9338-9134FBC62BAD}.Release|Any CPU.Build.0 = Release|Any CPU
		{936C00B4-40E1-4EEB-9338-9134FBC62BAD}.Release|Mixed Platforms.ActiveCfg = Release|Any CPU
		{936C00B4-40E1-4EEB-9338-9134FBC62BAD}.Release|Mixed Platforms.Build.0 = Release|Any CPU
		{936C00B4-40E1-4EEB-9338-9134FBC62BAD}.Release|x86.ActiveCfg = Release|Any CPU
		{37B5C615-6EBD-4F44-8AB3-DDB330F697E1}.Debug|Any CPU.ActiveCfg = Debug|Any CPU
		{37B5C615-6EBD-4F44-8AB3-DDB330F697E1}.Debug|Any CPU.Build.0 = Debug|Any CPU
		{37B5C615-6EBD-4F44-8AB3-DDB330F697E1}.Debug|Mixed Platforms.ActiveCfg = Debug|Any CPU
		{37B5C615-6EBD-4F44-8AB3-DDB330F697E1}.Debug|Mixed Platforms.Build.0 = Debug|Any CPU
		{37B5C615-6EBD-4F44-8AB3-DDB330F697E1}.Debug|x86.ActiveCfg = Debug|Any CPU
		{37B5C615-6EBD-4F44-8AB3-DDB330F697E1}.Release|Any CPU.ActiveCfg = Release|Any CPU
		{37B5C615-6EBD-4F44-8AB3-DDB330F697E1}.Release|Any CPU.Build.0 = Release|Any CPU
		{37B5C615-6EBD-4F44-8AB3-DDB330F697E1}.Release|Mixed Platforms.ActiveCfg = Release|Any CPU
		{37B5C615-6EBD-4F44-8AB3-DDB330F697E1}.Release|Mixed Platforms.Build.0 = Release|Any CPU
		{37B5C615-6EBD-4F44-8AB3-DDB330F697E1}.Release|x86.ActiveCfg = Release|Any CPU
		{00DFF64F-D145-4E31-8CE1-36AE5EC830C4}.Debug|Any CPU.ActiveCfg = Debug|Any CPU
		{00DFF64F-D145-4E31-8CE1-36AE5EC830C4}.Debug|Any CPU.Build.0 = Debug|Any CPU
		{00DFF64F-D145-4E31-8CE1-36AE5EC830C4}.Debug|Mixed Platforms.ActiveCfg = Debug|Any CPU
		{00DFF64F-D145-4E31-8CE1-36AE5EC830C4}.Debug|Mixed Platforms.Build.0 = Debug|Any CPU
		{00DFF64F-D145-4E31-8CE1-36AE5EC830C4}.Debug|x86.ActiveCfg = Debug|Any CPU
		{00DFF64F-D145-4E31-8CE1-36AE5EC830C4}.Release|Any CPU.ActiveCfg = Release|Any CPU
		{00DFF64F-D145-4E31-8CE1-36AE5EC830C4}.Release|Any CPU.Build.0 = Release|Any CPU
		{00DFF64F-D145-4E31-8CE1-36AE5EC830C4}.Release|Mixed Platforms.ActiveCfg = Release|Any CPU
		{00DFF64F-D145-4E31-8CE1-36AE5EC830C4}.Release|Mixed Platforms.Build.0 = Release|Any CPU
		{00DFF64F-D145-4E31-8CE1-36AE5EC830C4}.Release|x86.ActiveCfg = Release|Any CPU
		{4365A032-BCA6-4DFA-9195-7AF86B6466D9}.Debug|Any CPU.ActiveCfg = Debug|Any CPU
		{4365A032-BCA6-4DFA-9195-7AF86B6466D9}.Debug|Any CPU.Build.0 = Debug|Any CPU
		{4365A032-BCA6-4DFA-9195-7AF86B6466D9}.Debug|Mixed Platforms.ActiveCfg = Debug|Any CPU
		{4365A032-BCA6-4DFA-9195-7AF86B6466D9}.Debug|Mixed Platforms.Build.0 = Debug|Any CPU
		{4365A032-BCA6-4DFA-9195-7AF86B6466D9}.Debug|x86.ActiveCfg = Debug|Any CPU
		{4365A032-BCA6-4DFA-9195-7AF86B6466D9}.Release|Any CPU.ActiveCfg = Release|Any CPU
		{4365A032-BCA6-4DFA-9195-7AF86B6466D9}.Release|Any CPU.Build.0 = Release|Any CPU
		{4365A032-BCA6-4DFA-9195-7AF86B6466D9}.Release|Mixed Platforms.ActiveCfg = Release|Any CPU
		{4365A032-BCA6-4DFA-9195-7AF86B6466D9}.Release|Mixed Platforms.Build.0 = Release|Any CPU
		{4365A032-BCA6-4DFA-9195-7AF86B6466D9}.Release|x86.ActiveCfg = Release|Any CPU
		{62D2AD3A-7827-48FA-9571-6FE3159CD653}.Debug|Any CPU.ActiveCfg = Debug|Any CPU
		{62D2AD3A-7827-48FA-9571-6FE3159CD653}.Debug|Any CPU.Build.0 = Debug|Any CPU
		{62D2AD3A-7827-48FA-9571-6FE3159CD653}.Debug|Mixed Platforms.ActiveCfg = Debug|Any CPU
		{62D2AD3A-7827-48FA-9571-6FE3159CD653}.Debug|Mixed Platforms.Build.0 = Debug|Any CPU
		{62D2AD3A-7827-48FA-9571-6FE3159CD653}.Debug|x86.ActiveCfg = Debug|Any CPU
		{62D2AD3A-7827-48FA-9571-6FE3159CD653}.Release|Any CPU.ActiveCfg = Release|Any CPU
		{62D2AD3A-7827-48FA-9571-6FE3159CD653}.Release|Any CPU.Build.0 = Release|Any CPU
		{62D2AD3A-7827-48FA-9571-6FE3159CD653}.Release|Mixed Platforms.ActiveCfg = Release|Any CPU
		{62D2AD3A-7827-48FA-9571-6FE3159CD653}.Release|Mixed Platforms.Build.0 = Release|Any CPU
		{62D2AD3A-7827-48FA-9571-6FE3159CD653}.Release|x86.ActiveCfg = Release|Any CPU
		{23C7C33A-CAAA-4DE5-B361-98B30E65F4DD}.Debug|Any CPU.ActiveCfg = Debug|x86
		{23C7C33A-CAAA-4DE5-B361-98B30E65F4DD}.Debug|Mixed Platforms.ActiveCfg = Debug|x86
		{23C7C33A-CAAA-4DE5-B361-98B30E65F4DD}.Debug|Mixed Platforms.Build.0 = Debug|x86
		{23C7C33A-CAAA-4DE5-B361-98B30E65F4DD}.Debug|x86.ActiveCfg = Debug|x86
		{23C7C33A-CAAA-4DE5-B361-98B30E65F4DD}.Debug|x86.Build.0 = Debug|x86
		{23C7C33A-CAAA-4DE5-B361-98B30E65F4DD}.Release|Any CPU.ActiveCfg = Release|x86
		{23C7C33A-CAAA-4DE5-B361-98B30E65F4DD}.Release|Mixed Platforms.ActiveCfg = Release|x86
		{23C7C33A-CAAA-4DE5-B361-98B30E65F4DD}.Release|Mixed Platforms.Build.0 = Release|x86
		{23C7C33A-CAAA-4DE5-B361-98B30E65F4DD}.Release|x86.ActiveCfg = Release|x86
		{23C7C33A-CAAA-4DE5-B361-98B30E65F4DD}.Release|x86.Build.0 = Release|x86
		{1948D266-8DCB-4AC5-98E6-A609713011CB}.Debug|Any CPU.ActiveCfg = Debug|Any CPU
		{1948D266-8DCB-4AC5-98E6-A609713011CB}.Debug|Any CPU.Build.0 = Debug|Any CPU
		{1948D266-8DCB-4AC5-98E6-A609713011CB}.Debug|Mixed Platforms.ActiveCfg = Debug|Any CPU
		{1948D266-8DCB-4AC5-98E6-A609713011CB}.Debug|Mixed Platforms.Build.0 = Debug|Any CPU
		{1948D266-8DCB-4AC5-98E6-A609713011CB}.Debug|x86.ActiveCfg = Debug|Any CPU
		{1948D266-8DCB-4AC5-98E6-A609713011CB}.Release|Any CPU.ActiveCfg = Release|Any CPU
		{1948D266-8DCB-4AC5-98E6-A609713011CB}.Release|Any CPU.Build.0 = Release|Any CPU
		{1948D266-8DCB-4AC5-98E6-A609713011CB}.Release|Mixed Platforms.ActiveCfg = Release|Any CPU
		{1948D266-8DCB-4AC5-98E6-A609713011CB}.Release|Mixed Platforms.Build.0 = Release|Any CPU
		{1948D266-8DCB-4AC5-98E6-A609713011CB}.Release|x86.ActiveCfg = Release|Any CPU
		{E0B47914-4B5A-4D1C-8638-8F51CCCC57DD}.Debug|Any CPU.ActiveCfg = Debug|Any CPU
		{E0B47914-4B5A-4D1C-8638-8F51CCCC57DD}.Debug|Any CPU.Build.0 = Debug|Any CPU
		{E0B47914-4B5A-4D1C-8638-8F51CCCC57DD}.Debug|Mixed Platforms.ActiveCfg = Debug|Any CPU
		{E0B47914-4B5A-4D1C-8638-8F51CCCC57DD}.Debug|Mixed Platforms.Build.0 = Debug|Any CPU
		{E0B47914-4B5A-4D1C-8638-8F51CCCC57DD}.Debug|x86.ActiveCfg = Debug|Any CPU
		{E0B47914-4B5A-4D1C-8638-8F51CCCC57DD}.Release|Any CPU.ActiveCfg = Release|Any CPU
		{E0B47914-4B5A-4D1C-8638-8F51CCCC57DD}.Release|Any CPU.Build.0 = Release|Any CPU
		{E0B47914-4B5A-4D1C-8638-8F51CCCC57DD}.Release|Mixed Platforms.ActiveCfg = Release|Any CPU
		{E0B47914-4B5A-4D1C-8638-8F51CCCC57DD}.Release|Mixed Platforms.Build.0 = Release|Any CPU
		{E0B47914-4B5A-4D1C-8638-8F51CCCC57DD}.Release|x86.ActiveCfg = Release|Any CPU
		{65104474-0FB0-415F-A21B-788D41D950A4}.Debug|Any CPU.ActiveCfg = Debug|x86
		{65104474-0FB0-415F-A21B-788D41D950A4}.Debug|Mixed Platforms.ActiveCfg = Debug|x86
		{65104474-0FB0-415F-A21B-788D41D950A4}.Debug|Mixed Platforms.Build.0 = Debug|x86
		{65104474-0FB0-415F-A21B-788D41D950A4}.Debug|x86.ActiveCfg = Debug|x86
		{65104474-0FB0-415F-A21B-788D41D950A4}.Debug|x86.Build.0 = Debug|x86
		{65104474-0FB0-415F-A21B-788D41D950A4}.Release|Any CPU.ActiveCfg = Release|x86
		{65104474-0FB0-415F-A21B-788D41D950A4}.Release|Mixed Platforms.ActiveCfg = Release|x86
		{65104474-0FB0-415F-A21B-788D41D950A4}.Release|Mixed Platforms.Build.0 = Release|x86
		{65104474-0FB0-415F-A21B-788D41D950A4}.Release|x86.ActiveCfg = Release|x86
		{65104474-0FB0-415F-A21B-788D41D950A4}.Release|x86.Build.0 = Release|x86
		{4338BBC5-D0C0-4160-8E45-170B40479FA5}.Debug|Any CPU.ActiveCfg = Debug|x86
		{4338BBC5-D0C0-4160-8E45-170B40479FA5}.Debug|Mixed Platforms.ActiveCfg = Debug|x86
		{4338BBC5-D0C0-4160-8E45-170B40479FA5}.Debug|Mixed Platforms.Build.0 = Debug|x86
		{4338BBC5-D0C0-4160-8E45-170B40479FA5}.Debug|x86.ActiveCfg = Debug|x86
		{4338BBC5-D0C0-4160-8E45-170B40479FA5}.Debug|x86.Build.0 = Debug|x86
		{4338BBC5-D0C0-4160-8E45-170B40479FA5}.Release|Any CPU.ActiveCfg = Release|x86
		{4338BBC5-D0C0-4160-8E45-170B40479FA5}.Release|Mixed Platforms.ActiveCfg = Release|x86
		{4338BBC5-D0C0-4160-8E45-170B40479FA5}.Release|Mixed Platforms.Build.0 = Release|x86
		{4338BBC5-D0C0-4160-8E45-170B40479FA5}.Release|x86.ActiveCfg = Release|x86
		{4338BBC5-D0C0-4160-8E45-170B40479FA5}.Release|x86.Build.0 = Release|x86
		{24F0AEBD-16D7-422E-9531-4172C5073E89}.Debug|Any CPU.ActiveCfg = Debug|x86
		{24F0AEBD-16D7-422E-9531-4172C5073E89}.Debug|Mixed Platforms.ActiveCfg = Debug|x86
		{24F0AEBD-16D7-422E-9531-4172C5073E89}.Debug|Mixed Platforms.Build.0 = Debug|x86
		{24F0AEBD-16D7-422E-9531-4172C5073E89}.Debug|x86.ActiveCfg = Debug|x86
		{24F0AEBD-16D7-422E-9531-4172C5073E89}.Debug|x86.Build.0 = Debug|x86
		{24F0AEBD-16D7-422E-9531-4172C5073E89}.Release|Any CPU.ActiveCfg = Release|x86
		{24F0AEBD-16D7-422E-9531-4172C5073E89}.Release|Mixed Platforms.ActiveCfg = Release|x86
		{24F0AEBD-16D7-422E-9531-4172C5073E89}.Release|Mixed Platforms.Build.0 = Release|x86
		{24F0AEBD-16D7-422E-9531-4172C5073E89}.Release|x86.ActiveCfg = Release|x86
		{24F0AEBD-16D7-422E-9531-4172C5073E89}.Release|x86.Build.0 = Release|x86
		{B10F71C4-AA1E-4296-BED0-0B704F2669F7}.Debug|Any CPU.ActiveCfg = Debug|x86
		{B10F71C4-AA1E-4296-BED0-0B704F2669F7}.Debug|Mixed Platforms.ActiveCfg = Debug|x86
		{B10F71C4-AA1E-4296-BED0-0B704F2669F7}.Debug|Mixed Platforms.Build.0 = Debug|x86
		{B10F71C4-AA1E-4296-BED0-0B704F2669F7}.Debug|x86.ActiveCfg = Debug|x86
		{B10F71C4-AA1E-4296-BED0-0B704F2669F7}.Debug|x86.Build.0 = Debug|x86
		{B10F71C4-AA1E-4296-BED0-0B704F2669F7}.Release|Any CPU.ActiveCfg = Release|x86
		{B10F71C4-AA1E-4296-BED0-0B704F2669F7}.Release|Mixed Platforms.ActiveCfg = Release|x86
		{B10F71C4-AA1E-4296-BED0-0B704F2669F7}.Release|Mixed Platforms.Build.0 = Release|x86
		{B10F71C4-AA1E-4296-BED0-0B704F2669F7}.Release|x86.ActiveCfg = Release|x86
		{B10F71C4-AA1E-4296-BED0-0B704F2669F7}.Release|x86.Build.0 = Release|x86
		{8BFB6086-EB17-452D-BF27-4B811695309A}.Debug|Any CPU.ActiveCfg = Debug|x86
		{8BFB6086-EB17-452D-BF27-4B811695309A}.Debug|Mixed Platforms.ActiveCfg = Debug|x86
		{8BFB6086-EB17-452D-BF27-4B811695309A}.Debug|Mixed Platforms.Build.0 = Debug|x86
		{8BFB6086-EB17-452D-BF27-4B811695309A}.Debug|x86.ActiveCfg = Debug|x86
		{8BFB6086-EB17-452D-BF27-4B811695309A}.Debug|x86.Build.0 = Debug|x86
		{8BFB6086-EB17-452D-BF27-4B811695309A}.Release|Any CPU.ActiveCfg = Release|x86
		{8BFB6086-EB17-452D-BF27-4B811695309A}.Release|Mixed Platforms.ActiveCfg = Release|x86
		{8BFB6086-EB17-452D-BF27-4B811695309A}.Release|Mixed Platforms.Build.0 = Release|x86
		{8BFB6086-EB17-452D-BF27-4B811695309A}.Release|x86.ActiveCfg = Release|x86
		{8BFB6086-EB17-452D-BF27-4B811695309A}.Release|x86.Build.0 = Release|x86
		{9302E45B-98F4-4C26-BA5C-B07A85328A3A}.Debug|Any CPU.ActiveCfg = Debug|x86
		{9302E45B-98F4-4C26-BA5C-B07A85328A3A}.Debug|Mixed Platforms.ActiveCfg = Debug|x86
		{9302E45B-98F4-4C26-BA5C-B07A85328A3A}.Debug|Mixed Platforms.Build.0 = Debug|x86
		{9302E45B-98F4-4C26-BA5C-B07A85328A3A}.Debug|x86.ActiveCfg = Debug|x86
		{9302E45B-98F4-4C26-BA5C-B07A85328A3A}.Debug|x86.Build.0 = Debug|x86
		{9302E45B-98F4-4C26-BA5C-B07A85328A3A}.Release|Any CPU.ActiveCfg = Release|x86
		{9302E45B-98F4-4C26-BA5C-B07A85328A3A}.Release|Mixed Platforms.ActiveCfg = Release|x86
		{9302E45B-98F4-4C26-BA5C-B07A85328A3A}.Release|Mixed Platforms.Build.0 = Release|x86
		{9302E45B-98F4-4C26-BA5C-B07A85328A3A}.Release|x86.ActiveCfg = Release|x86
		{9302E45B-98F4-4C26-BA5C-B07A85328A3A}.Release|x86.Build.0 = Release|x86
		{7C15E61E-D7C6-48F7-B417-830DC89E1869}.Debug|Any CPU.ActiveCfg = Debug|x86
		{7C15E61E-D7C6-48F7-B417-830DC89E1869}.Debug|Mixed Platforms.ActiveCfg = Debug|x86
		{7C15E61E-D7C6-48F7-B417-830DC89E1869}.Debug|Mixed Platforms.Build.0 = Debug|x86
		{7C15E61E-D7C6-48F7-B417-830DC89E1869}.Debug|x86.ActiveCfg = Debug|x86
		{7C15E61E-D7C6-48F7-B417-830DC89E1869}.Debug|x86.Build.0 = Debug|x86
		{7C15E61E-D7C6-48F7-B417-830DC89E1869}.Release|Any CPU.ActiveCfg = Release|x86
		{7C15E61E-D7C6-48F7-B417-830DC89E1869}.Release|Mixed Platforms.ActiveCfg = Release|x86
		{7C15E61E-D7C6-48F7-B417-830DC89E1869}.Release|Mixed Platforms.Build.0 = Release|x86
		{7C15E61E-D7C6-48F7-B417-830DC89E1869}.Release|x86.ActiveCfg = Release|x86
		{7C15E61E-D7C6-48F7-B417-830DC89E1869}.Release|x86.Build.0 = Release|x86
		{A6A060A9-0C38-45AF-807E-66496149E0F3}.Debug|Any CPU.ActiveCfg = Debug|x86
		{A6A060A9-0C38-45AF-807E-66496149E0F3}.Debug|Mixed Platforms.ActiveCfg = Debug|x86
		{A6A060A9-0C38-45AF-807E-66496149E0F3}.Debug|Mixed Platforms.Build.0 = Debug|x86
		{A6A060A9-0C38-45AF-807E-66496149E0F3}.Debug|x86.ActiveCfg = Debug|x86
		{A6A060A9-0C38-45AF-807E-66496149E0F3}.Debug|x86.Build.0 = Debug|x86
		{A6A060A9-0C38-45AF-807E-66496149E0F3}.Release|Any CPU.ActiveCfg = Release|x86
		{A6A060A9-0C38-45AF-807E-66496149E0F3}.Release|Mixed Platforms.ActiveCfg = Release|x86
		{A6A060A9-0C38-45AF-807E-66496149E0F3}.Release|Mixed Platforms.Build.0 = Release|x86
		{A6A060A9-0C38-45AF-807E-66496149E0F3}.Release|x86.ActiveCfg = Release|x86
		{A6A060A9-0C38-45AF-807E-66496149E0F3}.Release|x86.Build.0 = Release|x86
		{AD54BC52-A60E-4650-8036-12DA35E7B51F}.Debug|Any CPU.ActiveCfg = Debug|x86
		{AD54BC52-A60E-4650-8036-12DA35E7B51F}.Debug|Mixed Platforms.ActiveCfg = Debug|x86
		{AD54BC52-A60E-4650-8036-12DA35E7B51F}.Debug|Mixed Platforms.Build.0 = Debug|x86
		{AD54BC52-A60E-4650-8036-12DA35E7B51F}.Debug|x86.ActiveCfg = Debug|x86
		{AD54BC52-A60E-4650-8036-12DA35E7B51F}.Debug|x86.Build.0 = Debug|x86
		{AD54BC52-A60E-4650-8036-12DA35E7B51F}.Release|Any CPU.ActiveCfg = Release|x86
		{AD54BC52-A60E-4650-8036-12DA35E7B51F}.Release|Mixed Platforms.ActiveCfg = Release|x86
		{AD54BC52-A60E-4650-8036-12DA35E7B51F}.Release|Mixed Platforms.Build.0 = Release|x86
		{AD54BC52-A60E-4650-8036-12DA35E7B51F}.Release|x86.ActiveCfg = Release|x86
		{AD54BC52-A60E-4650-8036-12DA35E7B51F}.Release|x86.Build.0 = Release|x86
		{5B955467-BA59-4CA0-92E0-D0F5A535BA9B}.Debug|Any CPU.ActiveCfg = Debug|x86
		{5B955467-BA59-4CA0-92E0-D0F5A535BA9B}.Debug|Mixed Platforms.ActiveCfg = Debug|x86
		{5B955467-BA59-4CA0-92E0-D0F5A535BA9B}.Debug|Mixed Platforms.Build.0 = Debug|x86
		{5B955467-BA59-4CA0-92E0-D0F5A535BA9B}.Debug|x86.ActiveCfg = Debug|x86
		{5B955467-BA59-4CA0-92E0-D0F5A535BA9B}.Debug|x86.Build.0 = Debug|x86
		{5B955467-BA59-4CA0-92E0-D0F5A535BA9B}.Release|Any CPU.ActiveCfg = Release|x86
		{5B955467-BA59-4CA0-92E0-D0F5A535BA9B}.Release|Mixed Platforms.ActiveCfg = Release|x86
		{5B955467-BA59-4CA0-92E0-D0F5A535BA9B}.Release|Mixed Platforms.Build.0 = Release|x86
		{5B955467-BA59-4CA0-92E0-D0F5A535BA9B}.Release|x86.ActiveCfg = Release|x86
		{5B955467-BA59-4CA0-92E0-D0F5A535BA9B}.Release|x86.Build.0 = Release|x86
		{A4A67505-A5B6-44D1-AF92-42E11F275116}.Debug|Any CPU.ActiveCfg = Debug|x86
		{A4A67505-A5B6-44D1-AF92-42E11F275116}.Debug|Mixed Platforms.ActiveCfg = Debug|x86
		{A4A67505-A5B6-44D1-AF92-42E11F275116}.Debug|Mixed Platforms.Build.0 = Debug|x86
		{A4A67505-A5B6-44D1-AF92-42E11F275116}.Debug|x86.ActiveCfg = Debug|x86
		{A4A67505-A5B6-44D1-AF92-42E11F275116}.Debug|x86.Build.0 = Debug|x86
		{A4A67505-A5B6-44D1-AF92-42E11F275116}.Release|Any CPU.ActiveCfg = Release|x86
		{A4A67505-A5B6-44D1-AF92-42E11F275116}.Release|Mixed Platforms.ActiveCfg = Release|x86
		{A4A67505-A5B6-44D1-AF92-42E11F275116}.Release|Mixed Platforms.Build.0 = Release|x86
		{A4A67505-A5B6-44D1-AF92-42E11F275116}.Release|x86.ActiveCfg = Release|x86
		{A4A67505-A5B6-44D1-AF92-42E11F275116}.Release|x86.Build.0 = Release|x86
		{F7E0F3BF-0732-4B17-8930-18A313CA76C6}.Debug|Any CPU.ActiveCfg = Debug|x86
		{F7E0F3BF-0732-4B17-8930-18A313CA76C6}.Debug|Mixed Platforms.ActiveCfg = Debug|x86
		{F7E0F3BF-0732-4B17-8930-18A313CA76C6}.Debug|Mixed Platforms.Build.0 = Debug|x86
		{F7E0F3BF-0732-4B17-8930-18A313CA76C6}.Debug|x86.ActiveCfg = Debug|x86
		{F7E0F3BF-0732-4B17-8930-18A313CA76C6}.Debug|x86.Build.0 = Debug|x86
		{F7E0F3BF-0732-4B17-8930-18A313CA76C6}.Release|Any CPU.ActiveCfg = Release|x86
		{F7E0F3BF-0732-4B17-8930-18A313CA76C6}.Release|Mixed Platforms.ActiveCfg = Release|x86
		{F7E0F3BF-0732-4B17-8930-18A313CA76C6}.Release|Mixed Platforms.Build.0 = Release|x86
		{F7E0F3BF-0732-4B17-8930-18A313CA76C6}.Release|x86.ActiveCfg = Release|x86
		{F7E0F3BF-0732-4B17-8930-18A313CA76C6}.Release|x86.Build.0 = Release|x86
		{B85E0501-450D-41C4-921A-0ED2316CBE06}.Debug|Any CPU.ActiveCfg = Debug|Any CPU
		{B85E0501-450D-41C4-921A-0ED2316CBE06}.Debug|Any CPU.Build.0 = Debug|Any CPU
		{B85E0501-450D-41C4-921A-0ED2316CBE06}.Debug|Mixed Platforms.ActiveCfg = Debug|Any CPU
		{B85E0501-450D-41C4-921A-0ED2316CBE06}.Debug|Mixed Platforms.Build.0 = Debug|Any CPU
		{B85E0501-450D-41C4-921A-0ED2316CBE06}.Debug|x86.ActiveCfg = Debug|Any CPU
		{B85E0501-450D-41C4-921A-0ED2316CBE06}.Release|Any CPU.ActiveCfg = Release|Any CPU
		{B85E0501-450D-41C4-921A-0ED2316CBE06}.Release|Any CPU.Build.0 = Release|Any CPU
		{B85E0501-450D-41C4-921A-0ED2316CBE06}.Release|Mixed Platforms.ActiveCfg = Release|Any CPU
		{B85E0501-450D-41C4-921A-0ED2316CBE06}.Release|Mixed Platforms.Build.0 = Release|Any CPU
		{B85E0501-450D-41C4-921A-0ED2316CBE06}.Release|x86.ActiveCfg = Release|Any CPU
		{219406DC-B6AF-4D5A-9C28-A7D86B4F90F0}.Debug|Any CPU.ActiveCfg = Debug|x86
		{219406DC-B6AF-4D5A-9C28-A7D86B4F90F0}.Debug|Mixed Platforms.ActiveCfg = Debug|x86
		{219406DC-B6AF-4D5A-9C28-A7D86B4F90F0}.Debug|Mixed Platforms.Build.0 = Debug|x86
		{219406DC-B6AF-4D5A-9C28-A7D86B4F90F0}.Debug|x86.ActiveCfg = Debug|x86
		{219406DC-B6AF-4D5A-9C28-A7D86B4F90F0}.Debug|x86.Build.0 = Debug|x86
		{219406DC-B6AF-4D5A-9C28-A7D86B4F90F0}.Release|Any CPU.ActiveCfg = Release|x86
		{219406DC-B6AF-4D5A-9C28-A7D86B4F90F0}.Release|Mixed Platforms.ActiveCfg = Release|x86
		{219406DC-B6AF-4D5A-9C28-A7D86B4F90F0}.Release|Mixed Platforms.Build.0 = Release|x86
		{219406DC-B6AF-4D5A-9C28-A7D86B4F90F0}.Release|x86.ActiveCfg = Release|x86
		{219406DC-B6AF-4D5A-9C28-A7D86B4F90F0}.Release|x86.Build.0 = Release|x86
		{A5727EA6-24C2-44FB-9336-CCB0877C4F84}.Debug|Any CPU.ActiveCfg = Debug|Any CPU
		{A5727EA6-24C2-44FB-9336-CCB0877C4F84}.Debug|Any CPU.Build.0 = Debug|Any CPU
		{A5727EA6-24C2-44FB-9336-CCB0877C4F84}.Debug|Mixed Platforms.ActiveCfg = Debug|Any CPU
		{A5727EA6-24C2-44FB-9336-CCB0877C4F84}.Debug|Mixed Platforms.Build.0 = Debug|Any CPU
		{A5727EA6-24C2-44FB-9336-CCB0877C4F84}.Debug|x86.ActiveCfg = Debug|Any CPU
		{A5727EA6-24C2-44FB-9336-CCB0877C4F84}.Release|Any CPU.ActiveCfg = Release|Any CPU
		{A5727EA6-24C2-44FB-9336-CCB0877C4F84}.Release|Any CPU.Build.0 = Release|Any CPU
		{A5727EA6-24C2-44FB-9336-CCB0877C4F84}.Release|Mixed Platforms.ActiveCfg = Release|Any CPU
		{A5727EA6-24C2-44FB-9336-CCB0877C4F84}.Release|Mixed Platforms.Build.0 = Release|Any CPU
		{A5727EA6-24C2-44FB-9336-CCB0877C4F84}.Release|x86.ActiveCfg = Release|Any CPU
		{A6FBE7A5-5AE5-43EF-836D-67986B15A7F2}.Debug|Any CPU.ActiveCfg = Debug|x86
		{A6FBE7A5-5AE5-43EF-836D-67986B15A7F2}.Debug|Mixed Platforms.ActiveCfg = Debug|x86
		{A6FBE7A5-5AE5-43EF-836D-67986B15A7F2}.Debug|Mixed Platforms.Build.0 = Debug|x86
		{A6FBE7A5-5AE5-43EF-836D-67986B15A7F2}.Debug|x86.ActiveCfg = Debug|x86
		{A6FBE7A5-5AE5-43EF-836D-67986B15A7F2}.Debug|x86.Build.0 = Debug|x86
		{A6FBE7A5-5AE5-43EF-836D-67986B15A7F2}.Release|Any CPU.ActiveCfg = Release|x86
		{A6FBE7A5-5AE5-43EF-836D-67986B15A7F2}.Release|Mixed Platforms.ActiveCfg = Release|x86
		{A6FBE7A5-5AE5-43EF-836D-67986B15A7F2}.Release|Mixed Platforms.Build.0 = Release|x86
		{A6FBE7A5-5AE5-43EF-836D-67986B15A7F2}.Release|x86.ActiveCfg = Release|x86
		{A6FBE7A5-5AE5-43EF-836D-67986B15A7F2}.Release|x86.Build.0 = Release|x86
		{BEEE93F4-9D5A-43DA-B8F0-A6D482E318F1}.Debug|Any CPU.ActiveCfg = Debug|x86
		{BEEE93F4-9D5A-43DA-B8F0-A6D482E318F1}.Debug|Mixed Platforms.ActiveCfg = Debug|x86
		{BEEE93F4-9D5A-43DA-B8F0-A6D482E318F1}.Debug|Mixed Platforms.Build.0 = Debug|x86
		{BEEE93F4-9D5A-43DA-B8F0-A6D482E318F1}.Debug|x86.ActiveCfg = Debug|x86
		{BEEE93F4-9D5A-43DA-B8F0-A6D482E318F1}.Debug|x86.Build.0 = Debug|x86
		{BEEE93F4-9D5A-43DA-B8F0-A6D482E318F1}.Release|Any CPU.ActiveCfg = Release|x86
		{BEEE93F4-9D5A-43DA-B8F0-A6D482E318F1}.Release|Mixed Platforms.ActiveCfg = Release|x86
		{BEEE93F4-9D5A-43DA-B8F0-A6D482E318F1}.Release|Mixed Platforms.Build.0 = Release|x86
		{BEEE93F4-9D5A-43DA-B8F0-A6D482E318F1}.Release|x86.ActiveCfg = Release|x86
		{BEEE93F4-9D5A-43DA-B8F0-A6D482E318F1}.Release|x86.Build.0 = Release|x86
		{A736E00C-AE12-4AC9-A2A3-9B06DB4A44FA}.Debug|Any CPU.ActiveCfg = Debug|x86
		{A736E00C-AE12-4AC9-A2A3-9B06DB4A44FA}.Debug|Mixed Platforms.ActiveCfg = Debug|x86
		{A736E00C-AE12-4AC9-A2A3-9B06DB4A44FA}.Debug|Mixed Platforms.Build.0 = Debug|x86
		{A736E00C-AE12-4AC9-A2A3-9B06DB4A44FA}.Debug|x86.ActiveCfg = Debug|x86
		{A736E00C-AE12-4AC9-A2A3-9B06DB4A44FA}.Debug|x86.Build.0 = Debug|x86
		{A736E00C-AE12-4AC9-A2A3-9B06DB4A44FA}.Release|Any CPU.ActiveCfg = Release|x86
		{A736E00C-AE12-4AC9-A2A3-9B06DB4A44FA}.Release|Mixed Platforms.ActiveCfg = Release|x86
		{A736E00C-AE12-4AC9-A2A3-9B06DB4A44FA}.Release|Mixed Platforms.Build.0 = Release|x86
		{A736E00C-AE12-4AC9-A2A3-9B06DB4A44FA}.Release|x86.ActiveCfg = Release|x86
		{A736E00C-AE12-4AC9-A2A3-9B06DB4A44FA}.Release|x86.Build.0 = Release|x86
		{AC12B508-2431-4D20-8DA3-3D78837F9659}.Debug|Any CPU.ActiveCfg = Debug|Any CPU
		{AC12B508-2431-4D20-8DA3-3D78837F9659}.Debug|Any CPU.Build.0 = Debug|Any CPU
		{AC12B508-2431-4D20-8DA3-3D78837F9659}.Debug|Mixed Platforms.ActiveCfg = Debug|Any CPU
		{AC12B508-2431-4D20-8DA3-3D78837F9659}.Debug|Mixed Platforms.Build.0 = Debug|Any CPU
		{AC12B508-2431-4D20-8DA3-3D78837F9659}.Debug|x86.ActiveCfg = Debug|Any CPU
		{AC12B508-2431-4D20-8DA3-3D78837F9659}.Release|Any CPU.ActiveCfg = Release|Any CPU
		{AC12B508-2431-4D20-8DA3-3D78837F9659}.Release|Any CPU.Build.0 = Release|Any CPU
		{AC12B508-2431-4D20-8DA3-3D78837F9659}.Release|Mixed Platforms.ActiveCfg = Release|Any CPU
		{AC12B508-2431-4D20-8DA3-3D78837F9659}.Release|Mixed Platforms.Build.0 = Release|Any CPU
		{AC12B508-2431-4D20-8DA3-3D78837F9659}.Release|x86.ActiveCfg = Release|Any CPU
		{1F07D3CA-34E6-4143-864A-0D2086D5E67F}.Debug|Any CPU.ActiveCfg = Debug|x86
		{1F07D3CA-34E6-4143-864A-0D2086D5E67F}.Debug|Mixed Platforms.ActiveCfg = Debug|x86
		{1F07D3CA-34E6-4143-864A-0D2086D5E67F}.Debug|Mixed Platforms.Build.0 = Debug|x86
		{1F07D3CA-34E6-4143-864A-0D2086D5E67F}.Debug|x86.ActiveCfg = Debug|x86
		{1F07D3CA-34E6-4143-864A-0D2086D5E67F}.Debug|x86.Build.0 = Debug|x86
		{1F07D3CA-34E6-4143-864A-0D2086D5E67F}.Release|Any CPU.ActiveCfg = Release|x86
		{1F07D3CA-34E6-4143-864A-0D2086D5E67F}.Release|Mixed Platforms.ActiveCfg = Release|x86
		{1F07D3CA-34E6-4143-864A-0D2086D5E67F}.Release|Mixed Platforms.Build.0 = Release|x86
		{1F07D3CA-34E6-4143-864A-0D2086D5E67F}.Release|x86.ActiveCfg = Release|x86
		{1F07D3CA-34E6-4143-864A-0D2086D5E67F}.Release|x86.Build.0 = Release|x86
		{1940FF56-506F-4E6D-A33D-FEDEA705C88D}.Debug|Any CPU.ActiveCfg = Debug|Any CPU
		{1940FF56-506F-4E6D-A33D-FEDEA705C88D}.Debug|Any CPU.Build.0 = Debug|Any CPU
		{1940FF56-506F-4E6D-A33D-FEDEA705C88D}.Debug|Mixed Platforms.ActiveCfg = Debug|Any CPU
		{1940FF56-506F-4E6D-A33D-FEDEA705C88D}.Debug|Mixed Platforms.Build.0 = Debug|Any CPU
		{1940FF56-506F-4E6D-A33D-FEDEA705C88D}.Debug|x86.ActiveCfg = Debug|Any CPU
		{1940FF56-506F-4E6D-A33D-FEDEA705C88D}.Release|Any CPU.ActiveCfg = Release|Any CPU
		{1940FF56-506F-4E6D-A33D-FEDEA705C88D}.Release|Any CPU.Build.0 = Release|Any CPU
		{1940FF56-506F-4E6D-A33D-FEDEA705C88D}.Release|Mixed Platforms.ActiveCfg = Release|Any CPU
		{1940FF56-506F-4E6D-A33D-FEDEA705C88D}.Release|Mixed Platforms.Build.0 = Release|Any CPU
		{1940FF56-506F-4E6D-A33D-FEDEA705C88D}.Release|x86.ActiveCfg = Release|Any CPU
		{9BFDFE8D-2226-4C3B-8DF1-141BC6FAAB22}.Debug|Any CPU.ActiveCfg = Debug|x86
		{9BFDFE8D-2226-4C3B-8DF1-141BC6FAAB22}.Debug|Mixed Platforms.ActiveCfg = Debug|x86
		{9BFDFE8D-2226-4C3B-8DF1-141BC6FAAB22}.Debug|Mixed Platforms.Build.0 = Debug|x86
		{9BFDFE8D-2226-4C3B-8DF1-141BC6FAAB22}.Debug|x86.ActiveCfg = Debug|x86
		{9BFDFE8D-2226-4C3B-8DF1-141BC6FAAB22}.Debug|x86.Build.0 = Debug|x86
		{9BFDFE8D-2226-4C3B-8DF1-141BC6FAAB22}.Release|Any CPU.ActiveCfg = Release|x86
		{9BFDFE8D-2226-4C3B-8DF1-141BC6FAAB22}.Release|Mixed Platforms.ActiveCfg = Release|x86
		{9BFDFE8D-2226-4C3B-8DF1-141BC6FAAB22}.Release|Mixed Platforms.Build.0 = Release|x86
		{9BFDFE8D-2226-4C3B-8DF1-141BC6FAAB22}.Release|x86.ActiveCfg = Release|x86
		{9BFDFE8D-2226-4C3B-8DF1-141BC6FAAB22}.Release|x86.Build.0 = Release|x86
		{D954AD74-B519-4F13-BA02-56D4410A76CC}.Debug|Any CPU.ActiveCfg = Debug|x86
		{D954AD74-B519-4F13-BA02-56D4410A76CC}.Debug|Mixed Platforms.ActiveCfg = Debug|x86
		{D954AD74-B519-4F13-BA02-56D4410A76CC}.Debug|Mixed Platforms.Build.0 = Debug|x86
		{D954AD74-B519-4F13-BA02-56D4410A76CC}.Debug|x86.ActiveCfg = Debug|x86
		{D954AD74-B519-4F13-BA02-56D4410A76CC}.Debug|x86.Build.0 = Debug|x86
		{D954AD74-B519-4F13-BA02-56D4410A76CC}.Release|Any CPU.ActiveCfg = Release|x86
		{D954AD74-B519-4F13-BA02-56D4410A76CC}.Release|Mixed Platforms.ActiveCfg = Release|x86
		{D954AD74-B519-4F13-BA02-56D4410A76CC}.Release|Mixed Platforms.Build.0 = Release|x86
		{D954AD74-B519-4F13-BA02-56D4410A76CC}.Release|x86.ActiveCfg = Release|x86
		{D954AD74-B519-4F13-BA02-56D4410A76CC}.Release|x86.Build.0 = Release|x86
		{0690E1CD-33FC-4DDF-9BE5-9BA4C6933DD8}.Debug|Any CPU.ActiveCfg = Debug|x86
		{0690E1CD-33FC-4DDF-9BE5-9BA4C6933DD8}.Debug|Mixed Platforms.ActiveCfg = Debug|x86
		{0690E1CD-33FC-4DDF-9BE5-9BA4C6933DD8}.Debug|Mixed Platforms.Build.0 = Debug|x86
		{0690E1CD-33FC-4DDF-9BE5-9BA4C6933DD8}.Debug|x86.ActiveCfg = Debug|x86
		{0690E1CD-33FC-4DDF-9BE5-9BA4C6933DD8}.Debug|x86.Build.0 = Debug|x86
		{0690E1CD-33FC-4DDF-9BE5-9BA4C6933DD8}.Release|Any CPU.ActiveCfg = Release|x86
		{0690E1CD-33FC-4DDF-9BE5-9BA4C6933DD8}.Release|Mixed Platforms.ActiveCfg = Release|x86
		{0690E1CD-33FC-4DDF-9BE5-9BA4C6933DD8}.Release|Mixed Platforms.Build.0 = Release|x86
		{0690E1CD-33FC-4DDF-9BE5-9BA4C6933DD8}.Release|x86.ActiveCfg = Release|x86
		{0690E1CD-33FC-4DDF-9BE5-9BA4C6933DD8}.Release|x86.Build.0 = Release|x86
		{A6357B08-F6EF-4B51-8AA0-FCAA4C4FA7F8}.Debug|Any CPU.ActiveCfg = Debug|x86
		{A6357B08-F6EF-4B51-8AA0-FCAA4C4FA7F8}.Debug|Mixed Platforms.ActiveCfg = Debug|x86
		{A6357B08-F6EF-4B51-8AA0-FCAA4C4FA7F8}.Debug|Mixed Platforms.Build.0 = Debug|x86
		{A6357B08-F6EF-4B51-8AA0-FCAA4C4FA7F8}.Debug|x86.ActiveCfg = Debug|x86
		{A6357B08-F6EF-4B51-8AA0-FCAA4C4FA7F8}.Debug|x86.Build.0 = Debug|x86
		{A6357B08-F6EF-4B51-8AA0-FCAA4C4FA7F8}.Release|Any CPU.ActiveCfg = Release|x86
		{A6357B08-F6EF-4B51-8AA0-FCAA4C4FA7F8}.Release|Mixed Platforms.ActiveCfg = Release|x86
		{A6357B08-F6EF-4B51-8AA0-FCAA4C4FA7F8}.Release|Mixed Platforms.Build.0 = Release|x86
		{A6357B08-F6EF-4B51-8AA0-FCAA4C4FA7F8}.Release|x86.ActiveCfg = Release|x86
		{A6357B08-F6EF-4B51-8AA0-FCAA4C4FA7F8}.Release|x86.Build.0 = Release|x86
		{DA7F2F90-EBA6-4358-93CC-84720416F025}.Debug|Any CPU.ActiveCfg = Debug|x86
		{DA7F2F90-EBA6-4358-93CC-84720416F025}.Debug|Mixed Platforms.ActiveCfg = Debug|x86
		{DA7F2F90-EBA6-4358-93CC-84720416F025}.Debug|Mixed Platforms.Build.0 = Debug|x86
		{DA7F2F90-EBA6-4358-93CC-84720416F025}.Debug|x86.ActiveCfg = Debug|x86
		{DA7F2F90-EBA6-4358-93CC-84720416F025}.Debug|x86.Build.0 = Debug|x86
		{DA7F2F90-EBA6-4358-93CC-84720416F025}.Release|Any CPU.ActiveCfg = Release|x86
		{DA7F2F90-EBA6-4358-93CC-84720416F025}.Release|Mixed Platforms.ActiveCfg = Release|x86
		{DA7F2F90-EBA6-4358-93CC-84720416F025}.Release|Mixed Platforms.Build.0 = Release|x86
		{DA7F2F90-EBA6-4358-93CC-84720416F025}.Release|x86.ActiveCfg = Release|x86
		{DA7F2F90-EBA6-4358-93CC-84720416F025}.Release|x86.Build.0 = Release|x86
		{5A6FE490-056E-4516-AF44-AB7B9918F16E}.Debug|Any CPU.ActiveCfg = Debug|x86
		{5A6FE490-056E-4516-AF44-AB7B9918F16E}.Debug|Mixed Platforms.ActiveCfg = Debug|x86
		{5A6FE490-056E-4516-AF44-AB7B9918F16E}.Debug|Mixed Platforms.Build.0 = Debug|x86
		{5A6FE490-056E-4516-AF44-AB7B9918F16E}.Debug|x86.ActiveCfg = Debug|x86
		{5A6FE490-056E-4516-AF44-AB7B9918F16E}.Debug|x86.Build.0 = Debug|x86
		{5A6FE490-056E-4516-AF44-AB7B9918F16E}.Release|Any CPU.ActiveCfg = Release|x86
		{5A6FE490-056E-4516-AF44-AB7B9918F16E}.Release|Mixed Platforms.ActiveCfg = Release|x86
		{5A6FE490-056E-4516-AF44-AB7B9918F16E}.Release|Mixed Platforms.Build.0 = Release|x86
		{5A6FE490-056E-4516-AF44-AB7B9918F16E}.Release|x86.ActiveCfg = Release|x86
		{5A6FE490-056E-4516-AF44-AB7B9918F16E}.Release|x86.Build.0 = Release|x86
		{6E2564E1-7BD3-47D8-83B6-A5413A67959D}.Debug|Any CPU.ActiveCfg = Debug|x86
		{6E2564E1-7BD3-47D8-83B6-A5413A67959D}.Debug|Mixed Platforms.ActiveCfg = Debug|x86
		{6E2564E1-7BD3-47D8-83B6-A5413A67959D}.Debug|Mixed Platforms.Build.0 = Debug|x86
		{6E2564E1-7BD3-47D8-83B6-A5413A67959D}.Debug|x86.ActiveCfg = Debug|x86
		{6E2564E1-7BD3-47D8-83B6-A5413A67959D}.Debug|x86.Build.0 = Debug|x86
		{6E2564E1-7BD3-47D8-83B6-A5413A67959D}.Release|Any CPU.ActiveCfg = Release|x86
		{6E2564E1-7BD3-47D8-83B6-A5413A67959D}.Release|Mixed Platforms.ActiveCfg = Release|x86
		{6E2564E1-7BD3-47D8-83B6-A5413A67959D}.Release|Mixed Platforms.Build.0 = Release|x86
		{6E2564E1-7BD3-47D8-83B6-A5413A67959D}.Release|x86.ActiveCfg = Release|x86
		{6E2564E1-7BD3-47D8-83B6-A5413A67959D}.Release|x86.Build.0 = Release|x86
		{4892E05F-52A2-41D3-B72F-19348E3425D6}.Debug|Any CPU.ActiveCfg = Debug|x86
		{4892E05F-52A2-41D3-B72F-19348E3425D6}.Debug|Mixed Platforms.ActiveCfg = Debug|x86
		{4892E05F-52A2-41D3-B72F-19348E3425D6}.Debug|Mixed Platforms.Build.0 = Debug|x86
		{4892E05F-52A2-41D3-B72F-19348E3425D6}.Debug|x86.ActiveCfg = Debug|x86
		{4892E05F-52A2-41D3-B72F-19348E3425D6}.Debug|x86.Build.0 = Debug|x86
		{4892E05F-52A2-41D3-B72F-19348E3425D6}.Release|Any CPU.ActiveCfg = Release|x86
		{4892E05F-52A2-41D3-B72F-19348E3425D6}.Release|Mixed Platforms.ActiveCfg = Release|x86
		{4892E05F-52A2-41D3-B72F-19348E3425D6}.Release|Mixed Platforms.Build.0 = Release|x86
		{4892E05F-52A2-41D3-B72F-19348E3425D6}.Release|x86.ActiveCfg = Release|x86
		{4892E05F-52A2-41D3-B72F-19348E3425D6}.Release|x86.Build.0 = Release|x86
		{C76E7BEA-9999-439C-BD2E-6C79C2AFA34C}.Debug|Any CPU.ActiveCfg = Debug|Any CPU
		{C76E7BEA-9999-439C-BD2E-6C79C2AFA34C}.Debug|Any CPU.Build.0 = Debug|Any CPU
		{C76E7BEA-9999-439C-BD2E-6C79C2AFA34C}.Debug|Mixed Platforms.ActiveCfg = Debug|Any CPU
		{C76E7BEA-9999-439C-BD2E-6C79C2AFA34C}.Debug|Mixed Platforms.Build.0 = Debug|Any CPU
		{C76E7BEA-9999-439C-BD2E-6C79C2AFA34C}.Debug|x86.ActiveCfg = Debug|Any CPU
		{C76E7BEA-9999-439C-BD2E-6C79C2AFA34C}.Release|Any CPU.ActiveCfg = Release|Any CPU
		{C76E7BEA-9999-439C-BD2E-6C79C2AFA34C}.Release|Any CPU.Build.0 = Release|Any CPU
		{C76E7BEA-9999-439C-BD2E-6C79C2AFA34C}.Release|Mixed Platforms.ActiveCfg = Release|Any CPU
		{C76E7BEA-9999-439C-BD2E-6C79C2AFA34C}.Release|Mixed Platforms.Build.0 = Release|Any CPU
		{C76E7BEA-9999-439C-BD2E-6C79C2AFA34C}.Release|x86.ActiveCfg = Release|Any CPU
		{498BBFAB-72AE-4AA0-BEEF-275B082DF403}.Debug|Any CPU.ActiveCfg = Debug|Any CPU
		{498BBFAB-72AE-4AA0-BEEF-275B082DF403}.Debug|Any CPU.Build.0 = Debug|Any CPU
		{498BBFAB-72AE-4AA0-BEEF-275B082DF403}.Debug|Mixed Platforms.ActiveCfg = Debug|Any CPU
		{498BBFAB-72AE-4AA0-BEEF-275B082DF403}.Debug|Mixed Platforms.Build.0 = Debug|Any CPU
		{498BBFAB-72AE-4AA0-BEEF-275B082DF403}.Debug|x86.ActiveCfg = Debug|Any CPU
		{498BBFAB-72AE-4AA0-BEEF-275B082DF403}.Release|Any CPU.ActiveCfg = Release|Any CPU
		{498BBFAB-72AE-4AA0-BEEF-275B082DF403}.Release|Any CPU.Build.0 = Release|Any CPU
		{498BBFAB-72AE-4AA0-BEEF-275B082DF403}.Release|Mixed Platforms.ActiveCfg = Release|Any CPU
		{498BBFAB-72AE-4AA0-BEEF-275B082DF403}.Release|Mixed Platforms.Build.0 = Release|Any CPU
		{498BBFAB-72AE-4AA0-BEEF-275B082DF403}.Release|x86.ActiveCfg = Release|Any CPU
		{FC0E7B35-A53C-4F91-9127-B5622B98CB7E}.Debug|Any CPU.ActiveCfg = Debug|Any CPU
		{FC0E7B35-A53C-4F91-9127-B5622B98CB7E}.Debug|Any CPU.Build.0 = Debug|Any CPU
		{FC0E7B35-A53C-4F91-9127-B5622B98CB7E}.Debug|Mixed Platforms.ActiveCfg = Debug|Any CPU
		{FC0E7B35-A53C-4F91-9127-B5622B98CB7E}.Debug|Mixed Platforms.Build.0 = Debug|Any CPU
		{FC0E7B35-A53C-4F91-9127-B5622B98CB7E}.Debug|x86.ActiveCfg = Debug|Any CPU
		{FC0E7B35-A53C-4F91-9127-B5622B98CB7E}.Release|Any CPU.ActiveCfg = Release|Any CPU
		{FC0E7B35-A53C-4F91-9127-B5622B98CB7E}.Release|Any CPU.Build.0 = Release|Any CPU
		{FC0E7B35-A53C-4F91-9127-B5622B98CB7E}.Release|Mixed Platforms.ActiveCfg = Release|Any CPU
		{FC0E7B35-A53C-4F91-9127-B5622B98CB7E}.Release|Mixed Platforms.Build.0 = Release|Any CPU
		{FC0E7B35-A53C-4F91-9127-B5622B98CB7E}.Release|x86.ActiveCfg = Release|Any CPU
		{3817A41F-9442-4BDB-AB06-41D450CD606C}.Debug|Any CPU.ActiveCfg = Debug|Any CPU
		{3817A41F-9442-4BDB-AB06-41D450CD606C}.Debug|Any CPU.Build.0 = Debug|Any CPU
		{3817A41F-9442-4BDB-AB06-41D450CD606C}.Debug|Mixed Platforms.ActiveCfg = Debug|Any CPU
		{3817A41F-9442-4BDB-AB06-41D450CD606C}.Debug|Mixed Platforms.Build.0 = Debug|Any CPU
		{3817A41F-9442-4BDB-AB06-41D450CD606C}.Debug|x86.ActiveCfg = Debug|Any CPU
		{3817A41F-9442-4BDB-AB06-41D450CD606C}.Release|Any CPU.ActiveCfg = Release|Any CPU
		{3817A41F-9442-4BDB-AB06-41D450CD606C}.Release|Any CPU.Build.0 = Release|Any CPU
		{3817A41F-9442-4BDB-AB06-41D450CD606C}.Release|Mixed Platforms.ActiveCfg = Release|Any CPU
		{3817A41F-9442-4BDB-AB06-41D450CD606C}.Release|Mixed Platforms.Build.0 = Release|Any CPU
		{3817A41F-9442-4BDB-AB06-41D450CD606C}.Release|x86.ActiveCfg = Release|Any CPU
		{F34B5FAC-1E1B-4862-9782-BC8AD71EDF4B}.Debug|Any CPU.ActiveCfg = Debug|Any CPU
		{F34B5FAC-1E1B-4862-9782-BC8AD71EDF4B}.Debug|Any CPU.Build.0 = Debug|Any CPU
		{F34B5FAC-1E1B-4862-9782-BC8AD71EDF4B}.Debug|Mixed Platforms.ActiveCfg = Debug|Any CPU
		{F34B5FAC-1E1B-4862-9782-BC8AD71EDF4B}.Debug|Mixed Platforms.Build.0 = Debug|Any CPU
		{F34B5FAC-1E1B-4862-9782-BC8AD71EDF4B}.Debug|x86.ActiveCfg = Debug|Any CPU
		{F34B5FAC-1E1B-4862-9782-BC8AD71EDF4B}.Release|Any CPU.ActiveCfg = Release|Any CPU
		{F34B5FAC-1E1B-4862-9782-BC8AD71EDF4B}.Release|Any CPU.Build.0 = Release|Any CPU
		{F34B5FAC-1E1B-4862-9782-BC8AD71EDF4B}.Release|Mixed Platforms.ActiveCfg = Release|Any CPU
		{F34B5FAC-1E1B-4862-9782-BC8AD71EDF4B}.Release|Mixed Platforms.Build.0 = Release|Any CPU
		{F34B5FAC-1E1B-4862-9782-BC8AD71EDF4B}.Release|x86.ActiveCfg = Release|Any CPU
		{C98FE254-D636-45A2-9F37-11BAA1AA29E9}.Debug|Any CPU.ActiveCfg = Debug|Any CPU
		{C98FE254-D636-45A2-9F37-11BAA1AA29E9}.Debug|Any CPU.Build.0 = Debug|Any CPU
		{C98FE254-D636-45A2-9F37-11BAA1AA29E9}.Debug|Mixed Platforms.ActiveCfg = Debug|Any CPU
		{C98FE254-D636-45A2-9F37-11BAA1AA29E9}.Debug|Mixed Platforms.Build.0 = Debug|Any CPU
		{C98FE254-D636-45A2-9F37-11BAA1AA29E9}.Debug|x86.ActiveCfg = Debug|Any CPU
		{C98FE254-D636-45A2-9F37-11BAA1AA29E9}.Release|Any CPU.ActiveCfg = Release|Any CPU
		{C98FE254-D636-45A2-9F37-11BAA1AA29E9}.Release|Any CPU.Build.0 = Release|Any CPU
		{C98FE254-D636-45A2-9F37-11BAA1AA29E9}.Release|Mixed Platforms.ActiveCfg = Release|Any CPU
		{C98FE254-D636-45A2-9F37-11BAA1AA29E9}.Release|Mixed Platforms.Build.0 = Release|Any CPU
		{C98FE254-D636-45A2-9F37-11BAA1AA29E9}.Release|x86.ActiveCfg = Release|Any CPU
		{836482D3-A2FF-4538-907B-FEA4A4FC8892}.Debug|Any CPU.ActiveCfg = Debug|Any CPU
		{836482D3-A2FF-4538-907B-FEA4A4FC8892}.Debug|Any CPU.Build.0 = Debug|Any CPU
		{836482D3-A2FF-4538-907B-FEA4A4FC8892}.Debug|Mixed Platforms.ActiveCfg = Debug|Any CPU
		{836482D3-A2FF-4538-907B-FEA4A4FC8892}.Debug|Mixed Platforms.Build.0 = Debug|Any CPU
		{836482D3-A2FF-4538-907B-FEA4A4FC8892}.Debug|x86.ActiveCfg = Debug|Any CPU
		{836482D3-A2FF-4538-907B-FEA4A4FC8892}.Release|Any CPU.ActiveCfg = Release|Any CPU
		{836482D3-A2FF-4538-907B-FEA4A4FC8892}.Release|Any CPU.Build.0 = Release|Any CPU
		{836482D3-A2FF-4538-907B-FEA4A4FC8892}.Release|Mixed Platforms.ActiveCfg = Release|Any CPU
		{836482D3-A2FF-4538-907B-FEA4A4FC8892}.Release|Mixed Platforms.Build.0 = Release|Any CPU
		{836482D3-A2FF-4538-907B-FEA4A4FC8892}.Release|x86.ActiveCfg = Release|Any CPU
		{CF9680EA-EC9C-4A75-B8C1-5FA7E5CD6A5A}.Debug|Any CPU.ActiveCfg = Debug|Any CPU
		{CF9680EA-EC9C-4A75-B8C1-5FA7E5CD6A5A}.Debug|Any CPU.Build.0 = Debug|Any CPU
		{CF9680EA-EC9C-4A75-B8C1-5FA7E5CD6A5A}.Debug|Mixed Platforms.ActiveCfg = Debug|Any CPU
		{CF9680EA-EC9C-4A75-B8C1-5FA7E5CD6A5A}.Debug|Mixed Platforms.Build.0 = Debug|Any CPU
		{CF9680EA-EC9C-4A75-B8C1-5FA7E5CD6A5A}.Debug|x86.ActiveCfg = Debug|Any CPU
		{CF9680EA-EC9C-4A75-B8C1-5FA7E5CD6A5A}.Release|Any CPU.ActiveCfg = Release|Any CPU
		{CF9680EA-EC9C-4A75-B8C1-5FA7E5CD6A5A}.Release|Any CPU.Build.0 = Release|Any CPU
		{CF9680EA-EC9C-4A75-B8C1-5FA7E5CD6A5A}.Release|Mixed Platforms.ActiveCfg = Release|Any CPU
		{CF9680EA-EC9C-4A75-B8C1-5FA7E5CD6A5A}.Release|Mixed Platforms.Build.0 = Release|Any CPU
		{CF9680EA-EC9C-4A75-B8C1-5FA7E5CD6A5A}.Release|x86.ActiveCfg = Release|Any CPU
		{44F1FC4E-4633-4144-97D6-001A19381E7F}.Debug|Any CPU.ActiveCfg = Debug|Any CPU
		{44F1FC4E-4633-4144-97D6-001A19381E7F}.Debug|Any CPU.Build.0 = Debug|Any CPU
		{44F1FC4E-4633-4144-97D6-001A19381E7F}.Debug|Mixed Platforms.ActiveCfg = Debug|Any CPU
		{44F1FC4E-4633-4144-97D6-001A19381E7F}.Debug|Mixed Platforms.Build.0 = Debug|Any CPU
		{44F1FC4E-4633-4144-97D6-001A19381E7F}.Debug|x86.ActiveCfg = Debug|Any CPU
		{44F1FC4E-4633-4144-97D6-001A19381E7F}.Release|Any CPU.ActiveCfg = Release|Any CPU
		{44F1FC4E-4633-4144-97D6-001A19381E7F}.Release|Any CPU.Build.0 = Release|Any CPU
		{44F1FC4E-4633-4144-97D6-001A19381E7F}.Release|Mixed Platforms.ActiveCfg = Release|Any CPU
		{44F1FC4E-4633-4144-97D6-001A19381E7F}.Release|Mixed Platforms.Build.0 = Release|Any CPU
		{44F1FC4E-4633-4144-97D6-001A19381E7F}.Release|x86.ActiveCfg = Release|Any CPU
		{D2D95AE6-AD6D-4659-ABF4-BC6B2B291052}.Debug|Any CPU.ActiveCfg = Debug|Any CPU
		{D2D95AE6-AD6D-4659-ABF4-BC6B2B291052}.Debug|Any CPU.Build.0 = Debug|Any CPU
		{D2D95AE6-AD6D-4659-ABF4-BC6B2B291052}.Debug|Mixed Platforms.ActiveCfg = Debug|Any CPU
		{D2D95AE6-AD6D-4659-ABF4-BC6B2B291052}.Debug|Mixed Platforms.Build.0 = Debug|Any CPU
		{D2D95AE6-AD6D-4659-ABF4-BC6B2B291052}.Debug|x86.ActiveCfg = Debug|Any CPU
		{D2D95AE6-AD6D-4659-ABF4-BC6B2B291052}.Release|Any CPU.ActiveCfg = Release|Any CPU
		{D2D95AE6-AD6D-4659-ABF4-BC6B2B291052}.Release|Any CPU.Build.0 = Release|Any CPU
		{D2D95AE6-AD6D-4659-ABF4-BC6B2B291052}.Release|Mixed Platforms.ActiveCfg = Release|Any CPU
		{D2D95AE6-AD6D-4659-ABF4-BC6B2B291052}.Release|Mixed Platforms.Build.0 = Release|Any CPU
		{D2D95AE6-AD6D-4659-ABF4-BC6B2B291052}.Release|x86.ActiveCfg = Release|Any CPU
		{60DB2E23-470E-4465-A0F5-129B17B89960}.Debug|Any CPU.ActiveCfg = Debug|Any CPU
		{60DB2E23-470E-4465-A0F5-129B17B89960}.Debug|Any CPU.Build.0 = Debug|Any CPU
		{60DB2E23-470E-4465-A0F5-129B17B89960}.Debug|Mixed Platforms.ActiveCfg = Debug|Any CPU
		{60DB2E23-470E-4465-A0F5-129B17B89960}.Debug|Mixed Platforms.Build.0 = Debug|Any CPU
		{60DB2E23-470E-4465-A0F5-129B17B89960}.Debug|x86.ActiveCfg = Debug|Any CPU
		{60DB2E23-470E-4465-A0F5-129B17B89960}.Release|Any CPU.ActiveCfg = Release|Any CPU
		{60DB2E23-470E-4465-A0F5-129B17B89960}.Release|Any CPU.Build.0 = Release|Any CPU
		{60DB2E23-470E-4465-A0F5-129B17B89960}.Release|Mixed Platforms.ActiveCfg = Release|Any CPU
		{60DB2E23-470E-4465-A0F5-129B17B89960}.Release|Mixed Platforms.Build.0 = Release|Any CPU
		{60DB2E23-470E-4465-A0F5-129B17B89960}.Release|x86.ActiveCfg = Release|Any CPU
		{BC9F585E-2B2E-493B-937E-650A36D07298}.Debug|Any CPU.ActiveCfg = Debug|Any CPU
		{BC9F585E-2B2E-493B-937E-650A36D07298}.Debug|Any CPU.Build.0 = Debug|Any CPU
		{BC9F585E-2B2E-493B-937E-650A36D07298}.Debug|Mixed Platforms.ActiveCfg = Debug|Any CPU
		{BC9F585E-2B2E-493B-937E-650A36D07298}.Debug|Mixed Platforms.Build.0 = Debug|Any CPU
		{BC9F585E-2B2E-493B-937E-650A36D07298}.Debug|x86.ActiveCfg = Debug|Any CPU
		{BC9F585E-2B2E-493B-937E-650A36D07298}.Release|Any CPU.ActiveCfg = Release|Any CPU
		{BC9F585E-2B2E-493B-937E-650A36D07298}.Release|Any CPU.Build.0 = Release|Any CPU
		{BC9F585E-2B2E-493B-937E-650A36D07298}.Release|Mixed Platforms.ActiveCfg = Release|Any CPU
		{BC9F585E-2B2E-493B-937E-650A36D07298}.Release|Mixed Platforms.Build.0 = Release|Any CPU
		{BC9F585E-2B2E-493B-937E-650A36D07298}.Release|x86.ActiveCfg = Release|Any CPU
		{AE3D8DE3-CD9D-4F68-8FB9-1767594B1545}.Debug|Any CPU.ActiveCfg = Debug|Any CPU
		{AE3D8DE3-CD9D-4F68-8FB9-1767594B1545}.Debug|Any CPU.Build.0 = Debug|Any CPU
		{AE3D8DE3-CD9D-4F68-8FB9-1767594B1545}.Debug|Mixed Platforms.ActiveCfg = Debug|Any CPU
		{AE3D8DE3-CD9D-4F68-8FB9-1767594B1545}.Debug|Mixed Platforms.Build.0 = Debug|Any CPU
		{AE3D8DE3-CD9D-4F68-8FB9-1767594B1545}.Debug|x86.ActiveCfg = Debug|Any CPU
		{AE3D8DE3-CD9D-4F68-8FB9-1767594B1545}.Release|Any CPU.ActiveCfg = Release|Any CPU
		{AE3D8DE3-CD9D-4F68-8FB9-1767594B1545}.Release|Any CPU.Build.0 = Release|Any CPU
		{AE3D8DE3-CD9D-4F68-8FB9-1767594B1545}.Release|Mixed Platforms.ActiveCfg = Release|Any CPU
		{AE3D8DE3-CD9D-4F68-8FB9-1767594B1545}.Release|Mixed Platforms.Build.0 = Release|Any CPU
		{AE3D8DE3-CD9D-4F68-8FB9-1767594B1545}.Release|x86.ActiveCfg = Release|Any CPU
		{7E5E97EA-52E5-477A-A91B-A0C769E31372}.Debug|Any CPU.ActiveCfg = Debug|Any CPU
		{7E5E97EA-52E5-477A-A91B-A0C769E31372}.Debug|Any CPU.Build.0 = Debug|Any CPU
		{7E5E97EA-52E5-477A-A91B-A0C769E31372}.Debug|Mixed Platforms.ActiveCfg = Debug|Any CPU
		{7E5E97EA-52E5-477A-A91B-A0C769E31372}.Debug|Mixed Platforms.Build.0 = Debug|Any CPU
		{7E5E97EA-52E5-477A-A91B-A0C769E31372}.Debug|x86.ActiveCfg = Debug|Any CPU
		{7E5E97EA-52E5-477A-A91B-A0C769E31372}.Release|Any CPU.ActiveCfg = Release|Any CPU
		{7E5E97EA-52E5-477A-A91B-A0C769E31372}.Release|Any CPU.Build.0 = Release|Any CPU
		{7E5E97EA-52E5-477A-A91B-A0C769E31372}.Release|Mixed Platforms.ActiveCfg = Release|Any CPU
		{7E5E97EA-52E5-477A-A91B-A0C769E31372}.Release|Mixed Platforms.Build.0 = Release|Any CPU
		{7E5E97EA-52E5-477A-A91B-A0C769E31372}.Release|x86.ActiveCfg = Release|Any CPU
		{E5F2AA7E-08E6-4FF8-BC99-B1014B5CEC13}.Debug|Any CPU.ActiveCfg = Debug|Any CPU
		{E5F2AA7E-08E6-4FF8-BC99-B1014B5CEC13}.Debug|Any CPU.Build.0 = Debug|Any CPU
		{E5F2AA7E-08E6-4FF8-BC99-B1014B5CEC13}.Debug|Mixed Platforms.ActiveCfg = Debug|Any CPU
		{E5F2AA7E-08E6-4FF8-BC99-B1014B5CEC13}.Debug|Mixed Platforms.Build.0 = Debug|Any CPU
		{E5F2AA7E-08E6-4FF8-BC99-B1014B5CEC13}.Debug|x86.ActiveCfg = Debug|Any CPU
		{E5F2AA7E-08E6-4FF8-BC99-B1014B5CEC13}.Release|Any CPU.ActiveCfg = Release|Any CPU
		{E5F2AA7E-08E6-4FF8-BC99-B1014B5CEC13}.Release|Any CPU.Build.0 = Release|Any CPU
		{E5F2AA7E-08E6-4FF8-BC99-B1014B5CEC13}.Release|Mixed Platforms.ActiveCfg = Release|Any CPU
		{E5F2AA7E-08E6-4FF8-BC99-B1014B5CEC13}.Release|Mixed Platforms.Build.0 = Release|Any CPU
		{E5F2AA7E-08E6-4FF8-BC99-B1014B5CEC13}.Release|x86.ActiveCfg = Release|Any CPU
		{AB3A688A-0D3D-46AF-885B-0A604427D9E6}.Debug|Any CPU.ActiveCfg = Debug|Any CPU
		{AB3A688A-0D3D-46AF-885B-0A604427D9E6}.Debug|Any CPU.Build.0 = Debug|Any CPU
		{AB3A688A-0D3D-46AF-885B-0A604427D9E6}.Debug|Mixed Platforms.ActiveCfg = Debug|Any CPU
		{AB3A688A-0D3D-46AF-885B-0A604427D9E6}.Debug|Mixed Platforms.Build.0 = Debug|Any CPU
		{AB3A688A-0D3D-46AF-885B-0A604427D9E6}.Debug|x86.ActiveCfg = Debug|Any CPU
		{AB3A688A-0D3D-46AF-885B-0A604427D9E6}.Release|Any CPU.ActiveCfg = Release|Any CPU
		{AB3A688A-0D3D-46AF-885B-0A604427D9E6}.Release|Any CPU.Build.0 = Release|Any CPU
		{AB3A688A-0D3D-46AF-885B-0A604427D9E6}.Release|Mixed Platforms.ActiveCfg = Release|Any CPU
		{AB3A688A-0D3D-46AF-885B-0A604427D9E6}.Release|Mixed Platforms.Build.0 = Release|Any CPU
		{AB3A688A-0D3D-46AF-885B-0A604427D9E6}.Release|x86.ActiveCfg = Release|Any CPU
		{604257E9-E018-4A16-B466-B0AFDA4FDB27}.Debug|Any CPU.ActiveCfg = Debug|Any CPU
		{604257E9-E018-4A16-B466-B0AFDA4FDB27}.Debug|Any CPU.Build.0 = Debug|Any CPU
		{604257E9-E018-4A16-B466-B0AFDA4FDB27}.Debug|Mixed Platforms.ActiveCfg = Debug|Any CPU
		{604257E9-E018-4A16-B466-B0AFDA4FDB27}.Debug|Mixed Platforms.Build.0 = Debug|Any CPU
		{604257E9-E018-4A16-B466-B0AFDA4FDB27}.Debug|x86.ActiveCfg = Debug|Any CPU
		{604257E9-E018-4A16-B466-B0AFDA4FDB27}.Release|Any CPU.ActiveCfg = Release|Any CPU
		{604257E9-E018-4A16-B466-B0AFDA4FDB27}.Release|Any CPU.Build.0 = Release|Any CPU
		{604257E9-E018-4A16-B466-B0AFDA4FDB27}.Release|Mixed Platforms.ActiveCfg = Release|Any CPU
		{604257E9-E018-4A16-B466-B0AFDA4FDB27}.Release|Mixed Platforms.Build.0 = Release|Any CPU
		{604257E9-E018-4A16-B466-B0AFDA4FDB27}.Release|x86.ActiveCfg = Release|Any CPU
		{0CB0E1C7-CE6B-47FA-BE7C-AFD844C6C1C6}.Debug|Any CPU.ActiveCfg = Debug|Any CPU
		{0CB0E1C7-CE6B-47FA-BE7C-AFD844C6C1C6}.Debug|Any CPU.Build.0 = Debug|Any CPU
		{0CB0E1C7-CE6B-47FA-BE7C-AFD844C6C1C6}.Debug|Mixed Platforms.ActiveCfg = Debug|Any CPU
		{0CB0E1C7-CE6B-47FA-BE7C-AFD844C6C1C6}.Debug|Mixed Platforms.Build.0 = Debug|Any CPU
		{0CB0E1C7-CE6B-47FA-BE7C-AFD844C6C1C6}.Debug|x86.ActiveCfg = Debug|Any CPU
		{0CB0E1C7-CE6B-47FA-BE7C-AFD844C6C1C6}.Release|Any CPU.ActiveCfg = Release|Any CPU
		{0CB0E1C7-CE6B-47FA-BE7C-AFD844C6C1C6}.Release|Any CPU.Build.0 = Release|Any CPU
		{0CB0E1C7-CE6B-47FA-BE7C-AFD844C6C1C6}.Release|Mixed Platforms.ActiveCfg = Release|Any CPU
		{0CB0E1C7-CE6B-47FA-BE7C-AFD844C6C1C6}.Release|Mixed Platforms.Build.0 = Release|Any CPU
		{0CB0E1C7-CE6B-47FA-BE7C-AFD844C6C1C6}.Release|x86.ActiveCfg = Release|Any CPU
		{0FD2F2DF-C41A-49C7-967E-1D12E7461E6D}.Debug|Any CPU.ActiveCfg = Debug|Any CPU
		{0FD2F2DF-C41A-49C7-967E-1D12E7461E6D}.Debug|Any CPU.Build.0 = Debug|Any CPU
		{0FD2F2DF-C41A-49C7-967E-1D12E7461E6D}.Debug|Mixed Platforms.ActiveCfg = Debug|Any CPU
		{0FD2F2DF-C41A-49C7-967E-1D12E7461E6D}.Debug|Mixed Platforms.Build.0 = Debug|Any CPU
		{0FD2F2DF-C41A-49C7-967E-1D12E7461E6D}.Debug|x86.ActiveCfg = Debug|Any CPU
		{0FD2F2DF-C41A-49C7-967E-1D12E7461E6D}.Release|Any CPU.ActiveCfg = Release|Any CPU
		{0FD2F2DF-C41A-49C7-967E-1D12E7461E6D}.Release|Any CPU.Build.0 = Release|Any CPU
		{0FD2F2DF-C41A-49C7-967E-1D12E7461E6D}.Release|Mixed Platforms.ActiveCfg = Release|Any CPU
		{0FD2F2DF-C41A-49C7-967E-1D12E7461E6D}.Release|Mixed Platforms.Build.0 = Release|Any CPU
		{0FD2F2DF-C41A-49C7-967E-1D12E7461E6D}.Release|x86.ActiveCfg = Release|Any CPU
		{B4DEB364-BE3F-4DDA-9AEA-667F55F14A9B}.Debug|Any CPU.ActiveCfg = Debug|Any CPU
		{B4DEB364-BE3F-4DDA-9AEA-667F55F14A9B}.Debug|Any CPU.Build.0 = Debug|Any CPU
		{B4DEB364-BE3F-4DDA-9AEA-667F55F14A9B}.Debug|Mixed Platforms.ActiveCfg = Debug|Any CPU
		{B4DEB364-BE3F-4DDA-9AEA-667F55F14A9B}.Debug|Mixed Platforms.Build.0 = Debug|Any CPU
		{B4DEB364-BE3F-4DDA-9AEA-667F55F14A9B}.Debug|x86.ActiveCfg = Debug|Any CPU
		{B4DEB364-BE3F-4DDA-9AEA-667F55F14A9B}.Release|Any CPU.ActiveCfg = Release|Any CPU
		{B4DEB364-BE3F-4DDA-9AEA-667F55F14A9B}.Release|Any CPU.Build.0 = Release|Any CPU
		{B4DEB364-BE3F-4DDA-9AEA-667F55F14A9B}.Release|Mixed Platforms.ActiveCfg = Release|Any CPU
		{B4DEB364-BE3F-4DDA-9AEA-667F55F14A9B}.Release|Mixed Platforms.Build.0 = Release|Any CPU
		{B4DEB364-BE3F-4DDA-9AEA-667F55F14A9B}.Release|x86.ActiveCfg = Release|Any CPU
		{B95BE848-9F61-4E11-BC7E-CC36A2B7AA7F}.Debug|Any CPU.ActiveCfg = Debug|Any CPU
		{B95BE848-9F61-4E11-BC7E-CC36A2B7AA7F}.Debug|Any CPU.Build.0 = Debug|Any CPU
		{B95BE848-9F61-4E11-BC7E-CC36A2B7AA7F}.Debug|Mixed Platforms.ActiveCfg = Debug|Any CPU
		{B95BE848-9F61-4E11-BC7E-CC36A2B7AA7F}.Debug|Mixed Platforms.Build.0 = Debug|Any CPU
		{B95BE848-9F61-4E11-BC7E-CC36A2B7AA7F}.Debug|x86.ActiveCfg = Debug|Any CPU
		{B95BE848-9F61-4E11-BC7E-CC36A2B7AA7F}.Release|Any CPU.ActiveCfg = Release|Any CPU
		{B95BE848-9F61-4E11-BC7E-CC36A2B7AA7F}.Release|Any CPU.Build.0 = Release|Any CPU
		{B95BE848-9F61-4E11-BC7E-CC36A2B7AA7F}.Release|Mixed Platforms.ActiveCfg = Release|Any CPU
		{B95BE848-9F61-4E11-BC7E-CC36A2B7AA7F}.Release|Mixed Platforms.Build.0 = Release|Any CPU
		{B95BE848-9F61-4E11-BC7E-CC36A2B7AA7F}.Release|x86.ActiveCfg = Release|Any CPU
		{A1CD35C0-B452-44CF-8B0C-3EDAD275F76C}.Debug|Any CPU.ActiveCfg = Debug|Any CPU
		{A1CD35C0-B452-44CF-8B0C-3EDAD275F76C}.Debug|Any CPU.Build.0 = Debug|Any CPU
		{A1CD35C0-B452-44CF-8B0C-3EDAD275F76C}.Debug|Mixed Platforms.ActiveCfg = Debug|Any CPU
		{A1CD35C0-B452-44CF-8B0C-3EDAD275F76C}.Debug|Mixed Platforms.Build.0 = Debug|Any CPU
		{A1CD35C0-B452-44CF-8B0C-3EDAD275F76C}.Debug|x86.ActiveCfg = Debug|Any CPU
		{A1CD35C0-B452-44CF-8B0C-3EDAD275F76C}.Release|Any CPU.ActiveCfg = Release|Any CPU
		{A1CD35C0-B452-44CF-8B0C-3EDAD275F76C}.Release|Any CPU.Build.0 = Release|Any CPU
		{A1CD35C0-B452-44CF-8B0C-3EDAD275F76C}.Release|Mixed Platforms.ActiveCfg = Release|Any CPU
		{A1CD35C0-B452-44CF-8B0C-3EDAD275F76C}.Release|Mixed Platforms.Build.0 = Release|Any CPU
		{A1CD35C0-B452-44CF-8B0C-3EDAD275F76C}.Release|x86.ActiveCfg = Release|Any CPU
		{FC32233E-7937-4D3F-BC4F-C176133EE58F}.Debug|Any CPU.ActiveCfg = Debug|Any CPU
		{FC32233E-7937-4D3F-BC4F-C176133EE58F}.Debug|Any CPU.Build.0 = Debug|Any CPU
		{FC32233E-7937-4D3F-BC4F-C176133EE58F}.Debug|Mixed Platforms.ActiveCfg = Debug|Any CPU
		{FC32233E-7937-4D3F-BC4F-C176133EE58F}.Debug|Mixed Platforms.Build.0 = Debug|Any CPU
		{FC32233E-7937-4D3F-BC4F-C176133EE58F}.Debug|x86.ActiveCfg = Debug|Any CPU
		{FC32233E-7937-4D3F-BC4F-C176133EE58F}.Release|Any CPU.ActiveCfg = Release|Any CPU
		{FC32233E-7937-4D3F-BC4F-C176133EE58F}.Release|Any CPU.Build.0 = Release|Any CPU
		{FC32233E-7937-4D3F-BC4F-C176133EE58F}.Release|Mixed Platforms.ActiveCfg = Release|Any CPU
		{FC32233E-7937-4D3F-BC4F-C176133EE58F}.Release|Mixed Platforms.Build.0 = Release|Any CPU
		{FC32233E-7937-4D3F-BC4F-C176133EE58F}.Release|x86.ActiveCfg = Release|Any CPU
		{A9F878BB-763D-4ECF-A8D9-15C0C1450D1B}.Debug|Any CPU.ActiveCfg = Debug|Any CPU
		{A9F878BB-763D-4ECF-A8D9-15C0C1450D1B}.Debug|Any CPU.Build.0 = Debug|Any CPU
		{A9F878BB-763D-4ECF-A8D9-15C0C1450D1B}.Debug|Mixed Platforms.ActiveCfg = Debug|Any CPU
		{A9F878BB-763D-4ECF-A8D9-15C0C1450D1B}.Debug|Mixed Platforms.Build.0 = Debug|Any CPU
		{A9F878BB-763D-4ECF-A8D9-15C0C1450D1B}.Debug|x86.ActiveCfg = Debug|Any CPU
		{A9F878BB-763D-4ECF-A8D9-15C0C1450D1B}.Release|Any CPU.ActiveCfg = Release|Any CPU
		{A9F878BB-763D-4ECF-A8D9-15C0C1450D1B}.Release|Any CPU.Build.0 = Release|Any CPU
		{A9F878BB-763D-4ECF-A8D9-15C0C1450D1B}.Release|Mixed Platforms.ActiveCfg = Release|Any CPU
		{A9F878BB-763D-4ECF-A8D9-15C0C1450D1B}.Release|Mixed Platforms.Build.0 = Release|Any CPU
		{A9F878BB-763D-4ECF-A8D9-15C0C1450D1B}.Release|x86.ActiveCfg = Release|Any CPU
		{A87E7526-B6C7-4146-A0E5-75E1583BDF3D}.Debug|Any CPU.ActiveCfg = Debug|Any CPU
		{A87E7526-B6C7-4146-A0E5-75E1583BDF3D}.Debug|Any CPU.Build.0 = Debug|Any CPU
		{A87E7526-B6C7-4146-A0E5-75E1583BDF3D}.Debug|Mixed Platforms.ActiveCfg = Debug|Any CPU
		{A87E7526-B6C7-4146-A0E5-75E1583BDF3D}.Debug|Mixed Platforms.Build.0 = Debug|Any CPU
		{A87E7526-B6C7-4146-A0E5-75E1583BDF3D}.Debug|x86.ActiveCfg = Debug|Any CPU
		{A87E7526-B6C7-4146-A0E5-75E1583BDF3D}.Release|Any CPU.ActiveCfg = Release|Any CPU
		{A87E7526-B6C7-4146-A0E5-75E1583BDF3D}.Release|Any CPU.Build.0 = Release|Any CPU
		{A87E7526-B6C7-4146-A0E5-75E1583BDF3D}.Release|Mixed Platforms.ActiveCfg = Release|Any CPU
		{A87E7526-B6C7-4146-A0E5-75E1583BDF3D}.Release|Mixed Platforms.Build.0 = Release|Any CPU
		{A87E7526-B6C7-4146-A0E5-75E1583BDF3D}.Release|x86.ActiveCfg = Release|Any CPU
		{7ACD1B4C-2574-4F30-8A4C-F08D450F4249}.Debug|Any CPU.ActiveCfg = Debug|Any CPU
		{7ACD1B4C-2574-4F30-8A4C-F08D450F4249}.Debug|Any CPU.Build.0 = Debug|Any CPU
		{7ACD1B4C-2574-4F30-8A4C-F08D450F4249}.Debug|Mixed Platforms.ActiveCfg = Debug|Any CPU
		{7ACD1B4C-2574-4F30-8A4C-F08D450F4249}.Debug|Mixed Platforms.Build.0 = Debug|Any CPU
		{7ACD1B4C-2574-4F30-8A4C-F08D450F4249}.Debug|x86.ActiveCfg = Debug|Any CPU
		{7ACD1B4C-2574-4F30-8A4C-F08D450F4249}.Release|Any CPU.ActiveCfg = Release|Any CPU
		{7ACD1B4C-2574-4F30-8A4C-F08D450F4249}.Release|Any CPU.Build.0 = Release|Any CPU
		{7ACD1B4C-2574-4F30-8A4C-F08D450F4249}.Release|Mixed Platforms.ActiveCfg = Release|Any CPU
		{7ACD1B4C-2574-4F30-8A4C-F08D450F4249}.Release|Mixed Platforms.Build.0 = Release|Any CPU
		{7ACD1B4C-2574-4F30-8A4C-F08D450F4249}.Release|x86.ActiveCfg = Release|Any CPU
		{F409A5F9-D10A-4E53-8C9A-4B3BBB51D521}.Debug|Any CPU.ActiveCfg = Debug|Any CPU
		{F409A5F9-D10A-4E53-8C9A-4B3BBB51D521}.Debug|Any CPU.Build.0 = Debug|Any CPU
		{F409A5F9-D10A-4E53-8C9A-4B3BBB51D521}.Debug|Mixed Platforms.ActiveCfg = Debug|Any CPU
		{F409A5F9-D10A-4E53-8C9A-4B3BBB51D521}.Debug|Mixed Platforms.Build.0 = Debug|Any CPU
		{F409A5F9-D10A-4E53-8C9A-4B3BBB51D521}.Debug|x86.ActiveCfg = Debug|Any CPU
		{F409A5F9-D10A-4E53-8C9A-4B3BBB51D521}.Release|Any CPU.ActiveCfg = Release|Any CPU
		{F409A5F9-D10A-4E53-8C9A-4B3BBB51D521}.Release|Any CPU.Build.0 = Release|Any CPU
		{F409A5F9-D10A-4E53-8C9A-4B3BBB51D521}.Release|Mixed Platforms.ActiveCfg = Release|Any CPU
		{F409A5F9-D10A-4E53-8C9A-4B3BBB51D521}.Release|Mixed Platforms.Build.0 = Release|Any CPU
		{F409A5F9-D10A-4E53-8C9A-4B3BBB51D521}.Release|x86.ActiveCfg = Release|Any CPU
	EndGlobalSection
	GlobalSection(SolutionProperties) = preSolution
		HideSolutionNode = FALSE
	EndGlobalSection
EndGlobal
